// !$*UTF8*$!
{
	archiveVersion = 1;
	classes = {
	};
	objectVersion = 56;
	objects = {

/* Begin PBXBuildFile section */
		951BFA132BF8B6250019B430 /* Coordinator.swift in Sources */ = {isa = PBXBuildFile; fileRef = 951BFA122BF8B6250019B430 /* Coordinator.swift */; };
		951BFA152BF8BAFA0019B430 /* ApplicationCoordinator.swift in Sources */ = {isa = PBXBuildFile; fileRef = 951BFA142BF8BAFA0019B430 /* ApplicationCoordinator.swift */; };
		951BFA182BF8C8880019B430 /* TabBarCoordinator.swift in Sources */ = {isa = PBXBuildFile; fileRef = 951BFA172BF8C8880019B430 /* TabBarCoordinator.swift */; };
		951BFA212BF92ACB0019B430 /* MainScreenCoordinator.swift in Sources */ = {isa = PBXBuildFile; fileRef = 951BFA202BF92ACB0019B430 /* MainScreenCoordinator.swift */; };
		951BFA242BF92C330019B430 /* SettingsScreenCoordinator.swift in Sources */ = {isa = PBXBuildFile; fileRef = 951BFA232BF92C330019B430 /* SettingsScreenCoordinator.swift */; };
		951BFA272BF92CC70019B430 /* SettingsViewController.swift in Sources */ = {isa = PBXBuildFile; fileRef = 951BFA262BF92CC70019B430 /* SettingsViewController.swift */; };
		951BFA292BF92CE20019B430 /* MainViewController.swift in Sources */ = {isa = PBXBuildFile; fileRef = 951BFA282BF92CE20019B430 /* MainViewController.swift */; };
		959FB6722BF7E24E0042C394 /* AppDelegate.swift in Sources */ = {isa = PBXBuildFile; fileRef = 959FB6712BF7E24E0042C394 /* AppDelegate.swift */; };
		959FB6742BF7E24E0042C394 /* SceneDelegate.swift in Sources */ = {isa = PBXBuildFile; fileRef = 959FB6732BF7E24E0042C394 /* SceneDelegate.swift */; };
		959FB67B2BF7E24F0042C394 /* Assets.xcassets in Resources */ = {isa = PBXBuildFile; fileRef = 959FB67A2BF7E24F0042C394 /* Assets.xcassets */; };
		959FB67E2BF7E24F0042C394 /* LaunchScreen.storyboard in Resources */ = {isa = PBXBuildFile; fileRef = 959FB67C2BF7E24F0042C394 /* LaunchScreen.storyboard */; };
		959FB6892BF7E24F0042C394 /* GitHubSearch_2Tests.swift in Sources */ = {isa = PBXBuildFile; fileRef = 959FB6882BF7E24F0042C394 /* GitHubSearch_2Tests.swift */; };
		959FB6932BF7E24F0042C394 /* GitHubSearch_2UITests.swift in Sources */ = {isa = PBXBuildFile; fileRef = 959FB6922BF7E24F0042C394 /* GitHubSearch_2UITests.swift */; };
		959FB6952BF7E24F0042C394 /* GitHubSearch_2UITestsLaunchTests.swift in Sources */ = {isa = PBXBuildFile; fileRef = 959FB6942BF7E24F0042C394 /* GitHubSearch_2UITestsLaunchTests.swift */; };
		95B101532BFFD1A700F82CFA /* SortType.swift in Sources */ = {isa = PBXBuildFile; fileRef = 95B101522BFFD1A700F82CFA /* SortType.swift */; };
		95B101552BFFD56B00F82CFA /* OrderType.swift in Sources */ = {isa = PBXBuildFile; fileRef = 95B101542BFFD56B00F82CFA /* OrderType.swift */; };
		95B101632C020D8100F82CFA /* MainViewModel.swift in Sources */ = {isa = PBXBuildFile; fileRef = 95B101622C020D8100F82CFA /* MainViewModel.swift */; };
		95B101662C03188800F82CFA /* InjectedValues.swift in Sources */ = {isa = PBXBuildFile; fileRef = 95B101652C03188800F82CFA /* InjectedValues.swift */; };
		95CC38A52BF94491005EA562 /* TinyConstraints in Frameworks */ = {isa = PBXBuildFile; productRef = 95CC38A42BF94491005EA562 /* TinyConstraints */; };
		95CC38A72BFA3E8A005EA562 /* TabBarViewController.swift in Sources */ = {isa = PBXBuildFile; fileRef = 95CC38A62BFA3E8A005EA562 /* TabBarViewController.swift */; };
		95CC38AB2BFB5FC0005EA562 /* CocoaLumberjackSwift in Frameworks */ = {isa = PBXBuildFile; productRef = 95CC38AA2BFB5FC0005EA562 /* CocoaLumberjackSwift */; };
		95CC38B02BFB8A63005EA562 /* RequestProtocol.swift in Sources */ = {isa = PBXBuildFile; fileRef = 95CC38AF2BFB8A63005EA562 /* RequestProtocol.swift */; };
		95CC38B22BFB8A77005EA562 /* RequestType.swift in Sources */ = {isa = PBXBuildFile; fileRef = 95CC38B12BFB8A77005EA562 /* RequestType.swift */; };
		95CC38B42BFB8D4F005EA562 /* APIConstants.swift in Sources */ = {isa = PBXBuildFile; fileRef = 95CC38B32BFB8D4F005EA562 /* APIConstants.swift */; };
		95CC38B72BFB9301005EA562 /* SearchServiceType.swift in Sources */ = {isa = PBXBuildFile; fileRef = 95CC38B62BFB9301005EA562 /* SearchServiceType.swift */; };
		95CC38B92BFB94AA005EA562 /* SearchService.swift in Sources */ = {isa = PBXBuildFile; fileRef = 95CC38B82BFB94AA005EA562 /* SearchService.swift */; };
		95CC38BB2BFB9595005EA562 /* RequestManager.swift in Sources */ = {isa = PBXBuildFile; fileRef = 95CC38BA2BFB9595005EA562 /* RequestManager.swift */; };
		95CC38BE2BFBCE63005EA562 /* NetworkError.swift in Sources */ = {isa = PBXBuildFile; fileRef = 95CC38BD2BFBCE63005EA562 /* NetworkError.swift */; };
		95CC38C12BFBE00B005EA562 /* DataParser.swift in Sources */ = {isa = PBXBuildFile; fileRef = 95CC38C02BFBE00B005EA562 /* DataParser.swift */; };
		95CC38C42BFC7563005EA562 /* SearchRequest.swift in Sources */ = {isa = PBXBuildFile; fileRef = 95CC38C32BFC7562005EA562 /* SearchRequest.swift */; };
		95CC38C92BFCA151005EA562 /* ServiceError.swift in Sources */ = {isa = PBXBuildFile; fileRef = 95CC38C82BFCA151005EA562 /* ServiceError.swift */; };
		95CC38CE2BFCAE41005EA562 /* OwnerDTO.swift in Sources */ = {isa = PBXBuildFile; fileRef = 95CC38CA2BFCAE41005EA562 /* OwnerDTO.swift */; };
		95CC38CF2BFCAE41005EA562 /* SearchResultResponseDTO.swift in Sources */ = {isa = PBXBuildFile; fileRef = 95CC38CB2BFCAE41005EA562 /* SearchResultResponseDTO.swift */; };
		95CC38D02BFCAE41005EA562 /* ItemDTO.swift in Sources */ = {isa = PBXBuildFile; fileRef = 95CC38CC2BFCAE41005EA562 /* ItemDTO.swift */; };
		95CC38D12BFCAE41005EA562 /* LicenseDTO.swift in Sources */ = {isa = PBXBuildFile; fileRef = 95CC38CD2BFCAE41005EA562 /* LicenseDTO.swift */; };
		95CC38D42BFCC9A0005EA562 /* SearchResult.swift in Sources */ = {isa = PBXBuildFile; fileRef = 95CC38D32BFCC9A0005EA562 /* SearchResult.swift */; };
		95CC38D62BFCCB68005EA562 /* Item.swift in Sources */ = {isa = PBXBuildFile; fileRef = 95CC38D52BFCCB68005EA562 /* Item.swift */; };
		95CC38D82BFCD7A0005EA562 /* Owner.swift in Sources */ = {isa = PBXBuildFile; fileRef = 95CC38D72BFCD7A0005EA562 /* Owner.swift */; };
/* End PBXBuildFile section */

/* Begin PBXContainerItemProxy section */
		959FB6852BF7E24F0042C394 /* PBXContainerItemProxy */ = {
			isa = PBXContainerItemProxy;
			containerPortal = 959FB6662BF7E24E0042C394 /* Project object */;
			proxyType = 1;
			remoteGlobalIDString = 959FB66D2BF7E24E0042C394;
			remoteInfo = "GitHubSearch-2";
		};
		959FB68F2BF7E24F0042C394 /* PBXContainerItemProxy */ = {
			isa = PBXContainerItemProxy;
			containerPortal = 959FB6662BF7E24E0042C394 /* Project object */;
			proxyType = 1;
			remoteGlobalIDString = 959FB66D2BF7E24E0042C394;
			remoteInfo = "GitHubSearch-2";
		};
/* End PBXContainerItemProxy section */

/* Begin PBXFileReference section */
		951BFA122BF8B6250019B430 /* Coordinator.swift */ = {isa = PBXFileReference; lastKnownFileType = sourcecode.swift; path = Coordinator.swift; sourceTree = "<group>"; };
		951BFA142BF8BAFA0019B430 /* ApplicationCoordinator.swift */ = {isa = PBXFileReference; lastKnownFileType = sourcecode.swift; path = ApplicationCoordinator.swift; sourceTree = "<group>"; };
		951BFA172BF8C8880019B430 /* TabBarCoordinator.swift */ = {isa = PBXFileReference; lastKnownFileType = sourcecode.swift; path = TabBarCoordinator.swift; sourceTree = "<group>"; };
		951BFA202BF92ACB0019B430 /* MainScreenCoordinator.swift */ = {isa = PBXFileReference; lastKnownFileType = sourcecode.swift; path = MainScreenCoordinator.swift; sourceTree = "<group>"; };
		951BFA232BF92C330019B430 /* SettingsScreenCoordinator.swift */ = {isa = PBXFileReference; lastKnownFileType = sourcecode.swift; path = SettingsScreenCoordinator.swift; sourceTree = "<group>"; };
		951BFA262BF92CC70019B430 /* SettingsViewController.swift */ = {isa = PBXFileReference; lastKnownFileType = sourcecode.swift; path = SettingsViewController.swift; sourceTree = "<group>"; };
		951BFA282BF92CE20019B430 /* MainViewController.swift */ = {isa = PBXFileReference; lastKnownFileType = sourcecode.swift; path = MainViewController.swift; sourceTree = "<group>"; };
		959FB66E2BF7E24E0042C394 /* GitHubSearch-2.app */ = {isa = PBXFileReference; explicitFileType = wrapper.application; includeInIndex = 0; path = "GitHubSearch-2.app"; sourceTree = BUILT_PRODUCTS_DIR; };
		959FB6712BF7E24E0042C394 /* AppDelegate.swift */ = {isa = PBXFileReference; lastKnownFileType = sourcecode.swift; path = AppDelegate.swift; sourceTree = "<group>"; };
		959FB6732BF7E24E0042C394 /* SceneDelegate.swift */ = {isa = PBXFileReference; lastKnownFileType = sourcecode.swift; path = SceneDelegate.swift; sourceTree = "<group>"; };
		959FB67A2BF7E24F0042C394 /* Assets.xcassets */ = {isa = PBXFileReference; lastKnownFileType = folder.assetcatalog; path = Assets.xcassets; sourceTree = "<group>"; };
		959FB67D2BF7E24F0042C394 /* Base */ = {isa = PBXFileReference; lastKnownFileType = file.storyboard; name = Base; path = Base.lproj/LaunchScreen.storyboard; sourceTree = "<group>"; };
		959FB67F2BF7E24F0042C394 /* Info.plist */ = {isa = PBXFileReference; lastKnownFileType = text.plist.xml; path = Info.plist; sourceTree = "<group>"; };
		959FB6842BF7E24F0042C394 /* GitHubSearch-2Tests.xctest */ = {isa = PBXFileReference; explicitFileType = wrapper.cfbundle; includeInIndex = 0; path = "GitHubSearch-2Tests.xctest"; sourceTree = BUILT_PRODUCTS_DIR; };
		959FB6882BF7E24F0042C394 /* GitHubSearch_2Tests.swift */ = {isa = PBXFileReference; lastKnownFileType = sourcecode.swift; path = GitHubSearch_2Tests.swift; sourceTree = "<group>"; };
		959FB68E2BF7E24F0042C394 /* GitHubSearch-2UITests.xctest */ = {isa = PBXFileReference; explicitFileType = wrapper.cfbundle; includeInIndex = 0; path = "GitHubSearch-2UITests.xctest"; sourceTree = BUILT_PRODUCTS_DIR; };
		959FB6922BF7E24F0042C394 /* GitHubSearch_2UITests.swift */ = {isa = PBXFileReference; lastKnownFileType = sourcecode.swift; path = GitHubSearch_2UITests.swift; sourceTree = "<group>"; };
		959FB6942BF7E24F0042C394 /* GitHubSearch_2UITestsLaunchTests.swift */ = {isa = PBXFileReference; lastKnownFileType = sourcecode.swift; path = GitHubSearch_2UITestsLaunchTests.swift; sourceTree = "<group>"; };
		95B101522BFFD1A700F82CFA /* SortType.swift */ = {isa = PBXFileReference; lastKnownFileType = sourcecode.swift; path = SortType.swift; sourceTree = "<group>"; };
		95B101542BFFD56B00F82CFA /* OrderType.swift */ = {isa = PBXFileReference; lastKnownFileType = sourcecode.swift; path = OrderType.swift; sourceTree = "<group>"; };
		95B101622C020D8100F82CFA /* MainViewModel.swift */ = {isa = PBXFileReference; lastKnownFileType = sourcecode.swift; path = MainViewModel.swift; sourceTree = "<group>"; };
		95B101652C03188800F82CFA /* InjectedValues.swift */ = {isa = PBXFileReference; lastKnownFileType = sourcecode.swift; path = InjectedValues.swift; sourceTree = "<group>"; };
		95CC38A62BFA3E8A005EA562 /* TabBarViewController.swift */ = {isa = PBXFileReference; lastKnownFileType = sourcecode.swift; path = TabBarViewController.swift; sourceTree = "<group>"; };
		95CC38AF2BFB8A63005EA562 /* RequestProtocol.swift */ = {isa = PBXFileReference; lastKnownFileType = sourcecode.swift; path = RequestProtocol.swift; sourceTree = "<group>"; };
		95CC38B12BFB8A77005EA562 /* RequestType.swift */ = {isa = PBXFileReference; lastKnownFileType = sourcecode.swift; path = RequestType.swift; sourceTree = "<group>"; };
		95CC38B32BFB8D4F005EA562 /* APIConstants.swift */ = {isa = PBXFileReference; lastKnownFileType = sourcecode.swift; path = APIConstants.swift; sourceTree = "<group>"; };
		95CC38B62BFB9301005EA562 /* SearchServiceType.swift */ = {isa = PBXFileReference; lastKnownFileType = sourcecode.swift; path = SearchServiceType.swift; sourceTree = "<group>"; };
		95CC38B82BFB94AA005EA562 /* SearchService.swift */ = {isa = PBXFileReference; lastKnownFileType = sourcecode.swift; path = SearchService.swift; sourceTree = "<group>"; };
		95CC38BA2BFB9595005EA562 /* RequestManager.swift */ = {isa = PBXFileReference; lastKnownFileType = sourcecode.swift; path = RequestManager.swift; sourceTree = "<group>"; };
		95CC38BD2BFBCE63005EA562 /* NetworkError.swift */ = {isa = PBXFileReference; lastKnownFileType = sourcecode.swift; path = NetworkError.swift; sourceTree = "<group>"; };
		95CC38C02BFBE00B005EA562 /* DataParser.swift */ = {isa = PBXFileReference; lastKnownFileType = sourcecode.swift; path = DataParser.swift; sourceTree = "<group>"; };
		95CC38C32BFC7562005EA562 /* SearchRequest.swift */ = {isa = PBXFileReference; lastKnownFileType = sourcecode.swift; path = SearchRequest.swift; sourceTree = "<group>"; };
		95CC38C82BFCA151005EA562 /* ServiceError.swift */ = {isa = PBXFileReference; lastKnownFileType = sourcecode.swift; path = ServiceError.swift; sourceTree = "<group>"; };
		95CC38CA2BFCAE41005EA562 /* OwnerDTO.swift */ = {isa = PBXFileReference; fileEncoding = 4; lastKnownFileType = sourcecode.swift; path = OwnerDTO.swift; sourceTree = "<group>"; };
		95CC38CB2BFCAE41005EA562 /* SearchResultResponseDTO.swift */ = {isa = PBXFileReference; fileEncoding = 4; lastKnownFileType = sourcecode.swift; path = SearchResultResponseDTO.swift; sourceTree = "<group>"; };
		95CC38CC2BFCAE41005EA562 /* ItemDTO.swift */ = {isa = PBXFileReference; fileEncoding = 4; lastKnownFileType = sourcecode.swift; path = ItemDTO.swift; sourceTree = "<group>"; };
		95CC38CD2BFCAE41005EA562 /* LicenseDTO.swift */ = {isa = PBXFileReference; fileEncoding = 4; lastKnownFileType = sourcecode.swift; path = LicenseDTO.swift; sourceTree = "<group>"; };
		95CC38D32BFCC9A0005EA562 /* SearchResult.swift */ = {isa = PBXFileReference; lastKnownFileType = sourcecode.swift; path = SearchResult.swift; sourceTree = "<group>"; };
		95CC38D52BFCCB68005EA562 /* Item.swift */ = {isa = PBXFileReference; lastKnownFileType = sourcecode.swift; path = Item.swift; sourceTree = "<group>"; };
		95CC38D72BFCD7A0005EA562 /* Owner.swift */ = {isa = PBXFileReference; lastKnownFileType = sourcecode.swift; path = Owner.swift; sourceTree = "<group>"; };
/* End PBXFileReference section */

/* Begin PBXFrameworksBuildPhase section */
		959FB66B2BF7E24E0042C394 /* Frameworks */ = {
			isa = PBXFrameworksBuildPhase;
			buildActionMask = 2147483647;
			files = (
				95CC38AB2BFB5FC0005EA562 /* CocoaLumberjackSwift in Frameworks */,
				95CC38A52BF94491005EA562 /* TinyConstraints in Frameworks */,
			);
			runOnlyForDeploymentPostprocessing = 0;
		};
		959FB6812BF7E24F0042C394 /* Frameworks */ = {
			isa = PBXFrameworksBuildPhase;
			buildActionMask = 2147483647;
			files = (
			);
			runOnlyForDeploymentPostprocessing = 0;
		};
		959FB68B2BF7E24F0042C394 /* Frameworks */ = {
			isa = PBXFrameworksBuildPhase;
			buildActionMask = 2147483647;
			files = (
			);
			runOnlyForDeploymentPostprocessing = 0;
		};
/* End PBXFrameworksBuildPhase section */

/* Begin PBXGroup section */
		951BFA112BF8B5FD0019B430 /* Coordinators */ = {
			isa = PBXGroup;
			children = (
				951BFA162BF8C8720019B430 /* Main */,
				951BFA122BF8B6250019B430 /* Coordinator.swift */,
				951BFA142BF8BAFA0019B430 /* ApplicationCoordinator.swift */,
			);
			path = Coordinators;
			sourceTree = "<group>";
		};
		951BFA162BF8C8720019B430 /* Main */ = {
			isa = PBXGroup;
			children = (
				951BFA172BF8C8880019B430 /* TabBarCoordinator.swift */,
				95CC38A62BFA3E8A005EA562 /* TabBarViewController.swift */,
			);
			path = Main;
			sourceTree = "<group>";
		};
		951BFA192BF920C00019B430 /* Features */ = {
			isa = PBXGroup;
			children = (
				951BFA222BF92C040019B430 /* SettingsTabScreen */,
				951BFA1E2BF929A10019B430 /* MainTabScreen */,
			);
			path = Features;
			sourceTree = "<group>";
		};
		951BFA1E2BF929A10019B430 /* MainTabScreen */ = {
			isa = PBXGroup;
			children = (
				951BFA1F2BF92A720019B430 /* Coordinator */,
				951BFA282BF92CE20019B430 /* MainViewController.swift */,
				95B101622C020D8100F82CFA /* MainViewModel.swift */,
			);
			path = MainTabScreen;
			sourceTree = "<group>";
		};
		951BFA1F2BF92A720019B430 /* Coordinator */ = {
			isa = PBXGroup;
			children = (
				951BFA202BF92ACB0019B430 /* MainScreenCoordinator.swift */,
			);
			path = Coordinator;
			sourceTree = "<group>";
		};
		951BFA222BF92C040019B430 /* SettingsTabScreen */ = {
			isa = PBXGroup;
			children = (
				951BFA252BF92CA10019B430 /* Coordinator */,
				951BFA262BF92CC70019B430 /* SettingsViewController.swift */,
			);
			path = SettingsTabScreen;
			sourceTree = "<group>";
		};
		951BFA252BF92CA10019B430 /* Coordinator */ = {
			isa = PBXGroup;
			children = (
				951BFA232BF92C330019B430 /* SettingsScreenCoordinator.swift */,
			);
			path = Coordinator;
			sourceTree = "<group>";
		};
		959FB6652BF7E24E0042C394 = {
			isa = PBXGroup;
			children = (
				959FB6702BF7E24E0042C394 /* GitHubSearch-2 */,
				959FB6872BF7E24F0042C394 /* GitHubSearch-2Tests */,
				959FB6912BF7E24F0042C394 /* GitHubSearch-2UITests */,
				959FB66F2BF7E24E0042C394 /* Products */,
				95CC38A92BFB5FC0005EA562 /* Frameworks */,
			);
			sourceTree = "<group>";
		};
		959FB66F2BF7E24E0042C394 /* Products */ = {
			isa = PBXGroup;
			children = (
				959FB66E2BF7E24E0042C394 /* GitHubSearch-2.app */,
				959FB6842BF7E24F0042C394 /* GitHubSearch-2Tests.xctest */,
				959FB68E2BF7E24F0042C394 /* GitHubSearch-2UITests.xctest */,
			);
			name = Products;
			sourceTree = "<group>";
		};
		959FB6702BF7E24E0042C394 /* GitHubSearch-2 */ = {
			isa = PBXGroup;
			children = (
				95B1015A2C01D29400F82CFA /* DependencyInjection */,
				95CC38BC2BFBCE54005EA562 /* Models */,
				95CC38AC2BFB89E8005EA562 /* Core */,
				951BFA192BF920C00019B430 /* Features */,
				951BFA112BF8B5FD0019B430 /* Coordinators */,
				959FB6712BF7E24E0042C394 /* AppDelegate.swift */,
				959FB6732BF7E24E0042C394 /* SceneDelegate.swift */,
				959FB67A2BF7E24F0042C394 /* Assets.xcassets */,
				959FB67C2BF7E24F0042C394 /* LaunchScreen.storyboard */,
				959FB67F2BF7E24F0042C394 /* Info.plist */,
			);
			path = "GitHubSearch-2";
			sourceTree = "<group>";
		};
		959FB6872BF7E24F0042C394 /* GitHubSearch-2Tests */ = {
			isa = PBXGroup;
			children = (
				959FB6882BF7E24F0042C394 /* GitHubSearch_2Tests.swift */,
			);
			path = "GitHubSearch-2Tests";
			sourceTree = "<group>";
		};
		959FB6912BF7E24F0042C394 /* GitHubSearch-2UITests */ = {
			isa = PBXGroup;
			children = (
				959FB6922BF7E24F0042C394 /* GitHubSearch_2UITests.swift */,
				959FB6942BF7E24F0042C394 /* GitHubSearch_2UITestsLaunchTests.swift */,
			);
			path = "GitHubSearch-2UITests";
			sourceTree = "<group>";
		};
		95B101502BFFD12500F82CFA /* Errors */ = {
			isa = PBXGroup;
			children = (
				95CC38BD2BFBCE63005EA562 /* NetworkError.swift */,
				95CC38C82BFCA151005EA562 /* ServiceError.swift */,
			);
			path = Errors;
			sourceTree = "<group>";
		};
		95B1015A2C01D29400F82CFA /* DependencyInjection */ = {
			isa = PBXGroup;
			children = (
				95B101652C03188800F82CFA /* InjectedValues.swift */,
			);
			path = DependencyInjection;
			sourceTree = "<group>";
		};
		95CC38A92BFB5FC0005EA562 /* Frameworks */ = {
			isa = PBXGroup;
			children = (
			);
			name = Frameworks;
			sourceTree = "<group>";
		};
		95CC38AC2BFB89E8005EA562 /* Core */ = {
			isa = PBXGroup;
			children = (
				95CC38AD2BFB89F3005EA562 /* Data */,
			);
			path = Core;
			sourceTree = "<group>";
		};
		95CC38AD2BFB89F3005EA562 /* Data */ = {
			isa = PBXGroup;
			children = (
				95CC38AE2BFB8A56005EA562 /* api */,
			);
			path = Data;
			sourceTree = "<group>";
		};
		95CC38AE2BFB8A56005EA562 /* api */ = {
			isa = PBXGroup;
			children = (
				95CC38BF2BFBDFE2005EA562 /* parser */,
				95CC38B52BFB92D4005EA562 /* request */,
				95CC38AF2BFB8A63005EA562 /* RequestProtocol.swift */,
				95CC38B12BFB8A77005EA562 /* RequestType.swift */,
				95CC38B32BFB8D4F005EA562 /* APIConstants.swift */,
				95CC38BA2BFB9595005EA562 /* RequestManager.swift */,
			);
			path = api;
			sourceTree = "<group>";
		};
		95CC38B52BFB92D4005EA562 /* request */ = {
			isa = PBXGroup;
			children = (
				95CC38B62BFB9301005EA562 /* SearchServiceType.swift */,
				95CC38B82BFB94AA005EA562 /* SearchService.swift */,
				95CC38C32BFC7562005EA562 /* SearchRequest.swift */,
			);
			path = request;
			sourceTree = "<group>";
		};
		95CC38BC2BFBCE54005EA562 /* Models */ = {
			isa = PBXGroup;
			children = (
				95B101502BFFD12500F82CFA /* Errors */,
				95CC38D22BFCAE6C005EA562 /* SearchResult */,
				95CC38C52BFC966B005EA562 /* SearchResultDTO */,
				95B101522BFFD1A700F82CFA /* SortType.swift */,
				95B101542BFFD56B00F82CFA /* OrderType.swift */,
			);
			path = Models;
			sourceTree = "<group>";
		};
		95CC38BF2BFBDFE2005EA562 /* parser */ = {
			isa = PBXGroup;
			children = (
				95CC38C02BFBE00B005EA562 /* DataParser.swift */,
			);
			path = parser;
			sourceTree = "<group>";
		};
		95CC38C52BFC966B005EA562 /* SearchResultDTO */ = {
			isa = PBXGroup;
			children = (
				95CC38CC2BFCAE41005EA562 /* ItemDTO.swift */,
				95CC38CD2BFCAE41005EA562 /* LicenseDTO.swift */,
				95CC38CA2BFCAE41005EA562 /* OwnerDTO.swift */,
				95CC38CB2BFCAE41005EA562 /* SearchResultResponseDTO.swift */,
			);
			path = SearchResultDTO;
			sourceTree = "<group>";
		};
		95CC38D22BFCAE6C005EA562 /* SearchResult */ = {
			isa = PBXGroup;
			children = (
				95CC38D32BFCC9A0005EA562 /* SearchResult.swift */,
				95CC38D52BFCCB68005EA562 /* Item.swift */,
				95CC38D72BFCD7A0005EA562 /* Owner.swift */,
			);
			path = SearchResult;
			sourceTree = "<group>";
		};
/* End PBXGroup section */

/* Begin PBXNativeTarget section */
		959FB66D2BF7E24E0042C394 /* GitHubSearch-2 */ = {
			isa = PBXNativeTarget;
			buildConfigurationList = 959FB6982BF7E24F0042C394 /* Build configuration list for PBXNativeTarget "GitHubSearch-2" */;
			buildPhases = (
				959FB66A2BF7E24E0042C394 /* Sources */,
				959FB6A22BF884040042C394 /* ShellScript */,
				959FB66B2BF7E24E0042C394 /* Frameworks */,
				959FB66C2BF7E24E0042C394 /* Resources */,
			);
			buildRules = (
			);
			dependencies = (
			);
			name = "GitHubSearch-2";
			packageProductDependencies = (
				95CC38A42BF94491005EA562 /* TinyConstraints */,
				95CC38AA2BFB5FC0005EA562 /* CocoaLumberjackSwift */,
			);
			productName = "GitHubSearch-2";
			productReference = 959FB66E2BF7E24E0042C394 /* GitHubSearch-2.app */;
			productType = "com.apple.product-type.application";
		};
		959FB6832BF7E24F0042C394 /* GitHubSearch-2Tests */ = {
			isa = PBXNativeTarget;
			buildConfigurationList = 959FB69B2BF7E24F0042C394 /* Build configuration list for PBXNativeTarget "GitHubSearch-2Tests" */;
			buildPhases = (
				959FB6802BF7E24F0042C394 /* Sources */,
				959FB6812BF7E24F0042C394 /* Frameworks */,
				959FB6822BF7E24F0042C394 /* Resources */,
			);
			buildRules = (
			);
			dependencies = (
				959FB6862BF7E24F0042C394 /* PBXTargetDependency */,
			);
			name = "GitHubSearch-2Tests";
			productName = "GitHubSearch-2Tests";
			productReference = 959FB6842BF7E24F0042C394 /* GitHubSearch-2Tests.xctest */;
			productType = "com.apple.product-type.bundle.unit-test";
		};
		959FB68D2BF7E24F0042C394 /* GitHubSearch-2UITests */ = {
			isa = PBXNativeTarget;
			buildConfigurationList = 959FB69E2BF7E24F0042C394 /* Build configuration list for PBXNativeTarget "GitHubSearch-2UITests" */;
			buildPhases = (
				959FB68A2BF7E24F0042C394 /* Sources */,
				959FB68B2BF7E24F0042C394 /* Frameworks */,
				959FB68C2BF7E24F0042C394 /* Resources */,
			);
			buildRules = (
			);
			dependencies = (
				959FB6902BF7E24F0042C394 /* PBXTargetDependency */,
			);
			name = "GitHubSearch-2UITests";
			productName = "GitHubSearch-2UITests";
			productReference = 959FB68E2BF7E24F0042C394 /* GitHubSearch-2UITests.xctest */;
			productType = "com.apple.product-type.bundle.ui-testing";
		};
/* End PBXNativeTarget section */

/* Begin PBXProject section */
		959FB6662BF7E24E0042C394 /* Project object */ = {
			isa = PBXProject;
			attributes = {
				BuildIndependentTargetsInParallel = 1;
				LastSwiftUpdateCheck = 1500;
				LastUpgradeCheck = 1500;
				TargetAttributes = {
					959FB66D2BF7E24E0042C394 = {
						CreatedOnToolsVersion = 15.0;
					};
					959FB6832BF7E24F0042C394 = {
						CreatedOnToolsVersion = 15.0;
						TestTargetID = 959FB66D2BF7E24E0042C394;
					};
					959FB68D2BF7E24F0042C394 = {
						CreatedOnToolsVersion = 15.0;
						TestTargetID = 959FB66D2BF7E24E0042C394;
					};
				};
			};
			buildConfigurationList = 959FB6692BF7E24E0042C394 /* Build configuration list for PBXProject "GitHubSearch-2" */;
			compatibilityVersion = "Xcode 14.0";
			developmentRegion = en;
			hasScannedForEncodings = 0;
			knownRegions = (
				en,
				Base,
			);
			mainGroup = 959FB6652BF7E24E0042C394;
			packageReferences = (
				95CC38A32BF94491005EA562 /* XCRemoteSwiftPackageReference "TinyConstraints" */,
				95CC38A82BFB5C09005EA562 /* XCRemoteSwiftPackageReference "CocoaLumberjack" */,
			);
			productRefGroup = 959FB66F2BF7E24E0042C394 /* Products */;
			projectDirPath = "";
			projectRoot = "";
			targets = (
				959FB66D2BF7E24E0042C394 /* GitHubSearch-2 */,
				959FB6832BF7E24F0042C394 /* GitHubSearch-2Tests */,
				959FB68D2BF7E24F0042C394 /* GitHubSearch-2UITests */,
			);
		};
/* End PBXProject section */

/* Begin PBXResourcesBuildPhase section */
		959FB66C2BF7E24E0042C394 /* Resources */ = {
			isa = PBXResourcesBuildPhase;
			buildActionMask = 2147483647;
			files = (
				959FB67E2BF7E24F0042C394 /* LaunchScreen.storyboard in Resources */,
				959FB67B2BF7E24F0042C394 /* Assets.xcassets in Resources */,
			);
			runOnlyForDeploymentPostprocessing = 0;
		};
		959FB6822BF7E24F0042C394 /* Resources */ = {
			isa = PBXResourcesBuildPhase;
			buildActionMask = 2147483647;
			files = (
			);
			runOnlyForDeploymentPostprocessing = 0;
		};
		959FB68C2BF7E24F0042C394 /* Resources */ = {
			isa = PBXResourcesBuildPhase;
			buildActionMask = 2147483647;
			files = (
			);
			runOnlyForDeploymentPostprocessing = 0;
		};
/* End PBXResourcesBuildPhase section */

/* Begin PBXShellScriptBuildPhase section */
		959FB6A22BF884040042C394 /* ShellScript */ = {
			isa = PBXShellScriptBuildPhase;
			alwaysOutOfDate = 1;
			buildActionMask = 2147483647;
			files = (
			);
			inputFileListPaths = (
			);
			inputPaths = (
			);
			outputFileListPaths = (
			);
			outputPaths = (
			);
			runOnlyForDeploymentPostprocessing = 0;
			shellPath = /bin/sh;
			shellScript = "if [[ \"$(uname -m)\" == arm64 ]]\nthen\n    export PATH=\"/opt/homebrew/bin:$PATH\"\nfi\n\nif command -v swiftlint >/dev/null 2>&1\nthen\n    swiftlint\nelse\n    echo \"warning: `swiftlint` command not found - See https://github.com/realm/SwiftLint#installation for installation instructions.\"\nfi\n";
		};
/* End PBXShellScriptBuildPhase section */

/* Begin PBXSourcesBuildPhase section */
		959FB66A2BF7E24E0042C394 /* Sources */ = {
			isa = PBXSourcesBuildPhase;
			buildActionMask = 2147483647;
			files = (
				95CC38BE2BFBCE63005EA562 /* NetworkError.swift in Sources */,
				95CC38C42BFC7563005EA562 /* SearchRequest.swift in Sources */,
				951BFA152BF8BAFA0019B430 /* ApplicationCoordinator.swift in Sources */,
				95B101532BFFD1A700F82CFA /* SortType.swift in Sources */,
				951BFA182BF8C8880019B430 /* TabBarCoordinator.swift in Sources */,
				95B101662C03188800F82CFA /* InjectedValues.swift in Sources */,
				95CC38D82BFCD7A0005EA562 /* Owner.swift in Sources */,
				95B101552BFFD56B00F82CFA /* OrderType.swift in Sources */,
				95CC38B42BFB8D4F005EA562 /* APIConstants.swift in Sources */,
				95CC38BB2BFB9595005EA562 /* RequestManager.swift in Sources */,
				95CC38D02BFCAE41005EA562 /* ItemDTO.swift in Sources */,
				95CC38B72BFB9301005EA562 /* SearchServiceType.swift in Sources */,
				951BFA132BF8B6250019B430 /* Coordinator.swift in Sources */,
				959FB6722BF7E24E0042C394 /* AppDelegate.swift in Sources */,
				95CC38C12BFBE00B005EA562 /* DataParser.swift in Sources */,
				95CC38D12BFCAE41005EA562 /* LicenseDTO.swift in Sources */,
				95CC38D42BFCC9A0005EA562 /* SearchResult.swift in Sources */,
				951BFA272BF92CC70019B430 /* SettingsViewController.swift in Sources */,
				95CC38C92BFCA151005EA562 /* ServiceError.swift in Sources */,
				951BFA292BF92CE20019B430 /* MainViewController.swift in Sources */,
				95CC38B02BFB8A63005EA562 /* RequestProtocol.swift in Sources */,
				95CC38CF2BFCAE41005EA562 /* SearchResultResponseDTO.swift in Sources */,
				951BFA242BF92C330019B430 /* SettingsScreenCoordinator.swift in Sources */,
				959FB6742BF7E24E0042C394 /* SceneDelegate.swift in Sources */,
				95CC38D62BFCCB68005EA562 /* Item.swift in Sources */,
				95CC38CE2BFCAE41005EA562 /* OwnerDTO.swift in Sources */,
				95CC38A72BFA3E8A005EA562 /* TabBarViewController.swift in Sources */,
				95CC38B92BFB94AA005EA562 /* SearchService.swift in Sources */,
				951BFA212BF92ACB0019B430 /* MainScreenCoordinator.swift in Sources */,
				95CC38B22BFB8A77005EA562 /* RequestType.swift in Sources */,
				95B101632C020D8100F82CFA /* MainViewModel.swift in Sources */,
			);
			runOnlyForDeploymentPostprocessing = 0;
		};
		959FB6802BF7E24F0042C394 /* Sources */ = {
			isa = PBXSourcesBuildPhase;
			buildActionMask = 2147483647;
			files = (
				959FB6892BF7E24F0042C394 /* GitHubSearch_2Tests.swift in Sources */,
			);
			runOnlyForDeploymentPostprocessing = 0;
		};
		959FB68A2BF7E24F0042C394 /* Sources */ = {
			isa = PBXSourcesBuildPhase;
			buildActionMask = 2147483647;
			files = (
				959FB6952BF7E24F0042C394 /* GitHubSearch_2UITestsLaunchTests.swift in Sources */,
				959FB6932BF7E24F0042C394 /* GitHubSearch_2UITests.swift in Sources */,
			);
			runOnlyForDeploymentPostprocessing = 0;
		};
/* End PBXSourcesBuildPhase section */

/* Begin PBXTargetDependency section */
		959FB6862BF7E24F0042C394 /* PBXTargetDependency */ = {
			isa = PBXTargetDependency;
			target = 959FB66D2BF7E24E0042C394 /* GitHubSearch-2 */;
			targetProxy = 959FB6852BF7E24F0042C394 /* PBXContainerItemProxy */;
		};
		959FB6902BF7E24F0042C394 /* PBXTargetDependency */ = {
			isa = PBXTargetDependency;
			target = 959FB66D2BF7E24E0042C394 /* GitHubSearch-2 */;
			targetProxy = 959FB68F2BF7E24F0042C394 /* PBXContainerItemProxy */;
		};
/* End PBXTargetDependency section */

/* Begin PBXVariantGroup section */
		959FB67C2BF7E24F0042C394 /* LaunchScreen.storyboard */ = {
			isa = PBXVariantGroup;
			children = (
				959FB67D2BF7E24F0042C394 /* Base */,
			);
			name = LaunchScreen.storyboard;
			sourceTree = "<group>";
		};
/* End PBXVariantGroup section */

/* Begin XCBuildConfiguration section */
		959FB6962BF7E24F0042C394 /* Debug */ = {
			isa = XCBuildConfiguration;
			buildSettings = {
				ALWAYS_SEARCH_USER_PATHS = NO;
				ASSETCATALOG_COMPILER_GENERATE_SWIFT_ASSET_SYMBOL_EXTENSIONS = YES;
				CLANG_ANALYZER_NONNULL = YES;
				CLANG_ANALYZER_NUMBER_OBJECT_CONVERSION = YES_AGGRESSIVE;
				CLANG_CXX_LANGUAGE_STANDARD = "gnu++20";
				CLANG_ENABLE_MODULES = YES;
				CLANG_ENABLE_OBJC_ARC = YES;
				CLANG_ENABLE_OBJC_WEAK = YES;
				CLANG_WARN_BLOCK_CAPTURE_AUTORELEASING = YES;
				CLANG_WARN_BOOL_CONVERSION = YES;
				CLANG_WARN_COMMA = YES;
				CLANG_WARN_CONSTANT_CONVERSION = YES;
				CLANG_WARN_DEPRECATED_OBJC_IMPLEMENTATIONS = YES;
				CLANG_WARN_DIRECT_OBJC_ISA_USAGE = YES_ERROR;
				CLANG_WARN_DOCUMENTATION_COMMENTS = YES;
				CLANG_WARN_EMPTY_BODY = YES;
				CLANG_WARN_ENUM_CONVERSION = YES;
				CLANG_WARN_INFINITE_RECURSION = YES;
				CLANG_WARN_INT_CONVERSION = YES;
				CLANG_WARN_NON_LITERAL_NULL_CONVERSION = YES;
				CLANG_WARN_OBJC_IMPLICIT_RETAIN_SELF = YES;
				CLANG_WARN_OBJC_LITERAL_CONVERSION = YES;
				CLANG_WARN_OBJC_ROOT_CLASS = YES_ERROR;
				CLANG_WARN_QUOTED_INCLUDE_IN_FRAMEWORK_HEADER = YES;
				CLANG_WARN_RANGE_LOOP_ANALYSIS = YES;
				CLANG_WARN_STRICT_PROTOTYPES = YES;
				CLANG_WARN_SUSPICIOUS_MOVE = YES;
				CLANG_WARN_UNGUARDED_AVAILABILITY = YES_AGGRESSIVE;
				CLANG_WARN_UNREACHABLE_CODE = YES;
				CLANG_WARN__DUPLICATE_METHOD_MATCH = YES;
				COPY_PHASE_STRIP = NO;
				DEBUG_INFORMATION_FORMAT = dwarf;
				ENABLE_STRICT_OBJC_MSGSEND = YES;
				ENABLE_TESTABILITY = YES;
				ENABLE_USER_SCRIPT_SANDBOXING = YES;
				GCC_C_LANGUAGE_STANDARD = gnu17;
				GCC_DYNAMIC_NO_PIC = NO;
				GCC_NO_COMMON_BLOCKS = YES;
				GCC_OPTIMIZATION_LEVEL = 0;
				GCC_PREPROCESSOR_DEFINITIONS = (
					"DEBUG=1",
					"$(inherited)",
				);
				GCC_WARN_64_TO_32_BIT_CONVERSION = YES;
				GCC_WARN_ABOUT_RETURN_TYPE = YES_ERROR;
				GCC_WARN_UNDECLARED_SELECTOR = YES;
				GCC_WARN_UNINITIALIZED_AUTOS = YES_AGGRESSIVE;
				GCC_WARN_UNUSED_FUNCTION = YES;
				GCC_WARN_UNUSED_VARIABLE = YES;
				IPHONEOS_DEPLOYMENT_TARGET = 17.0;
				LOCALIZATION_PREFERS_STRING_CATALOGS = YES;
				MTL_ENABLE_DEBUG_INFO = INCLUDE_SOURCE;
				MTL_FAST_MATH = YES;
				ONLY_ACTIVE_ARCH = YES;
				SDKROOT = iphoneos;
				SWIFT_ACTIVE_COMPILATION_CONDITIONS = "DEBUG $(inherited)";
				SWIFT_OPTIMIZATION_LEVEL = "-Onone";
			};
			name = Debug;
		};
		959FB6972BF7E24F0042C394 /* Release */ = {
			isa = XCBuildConfiguration;
			buildSettings = {
				ALWAYS_SEARCH_USER_PATHS = NO;
				ASSETCATALOG_COMPILER_GENERATE_SWIFT_ASSET_SYMBOL_EXTENSIONS = YES;
				CLANG_ANALYZER_NONNULL = YES;
				CLANG_ANALYZER_NUMBER_OBJECT_CONVERSION = YES_AGGRESSIVE;
				CLANG_CXX_LANGUAGE_STANDARD = "gnu++20";
				CLANG_ENABLE_MODULES = YES;
				CLANG_ENABLE_OBJC_ARC = YES;
				CLANG_ENABLE_OBJC_WEAK = YES;
				CLANG_WARN_BLOCK_CAPTURE_AUTORELEASING = YES;
				CLANG_WARN_BOOL_CONVERSION = YES;
				CLANG_WARN_COMMA = YES;
				CLANG_WARN_CONSTANT_CONVERSION = YES;
				CLANG_WARN_DEPRECATED_OBJC_IMPLEMENTATIONS = YES;
				CLANG_WARN_DIRECT_OBJC_ISA_USAGE = YES_ERROR;
				CLANG_WARN_DOCUMENTATION_COMMENTS = YES;
				CLANG_WARN_EMPTY_BODY = YES;
				CLANG_WARN_ENUM_CONVERSION = YES;
				CLANG_WARN_INFINITE_RECURSION = YES;
				CLANG_WARN_INT_CONVERSION = YES;
				CLANG_WARN_NON_LITERAL_NULL_CONVERSION = YES;
				CLANG_WARN_OBJC_IMPLICIT_RETAIN_SELF = YES;
				CLANG_WARN_OBJC_LITERAL_CONVERSION = YES;
				CLANG_WARN_OBJC_ROOT_CLASS = YES_ERROR;
				CLANG_WARN_QUOTED_INCLUDE_IN_FRAMEWORK_HEADER = YES;
				CLANG_WARN_RANGE_LOOP_ANALYSIS = YES;
				CLANG_WARN_STRICT_PROTOTYPES = YES;
				CLANG_WARN_SUSPICIOUS_MOVE = YES;
				CLANG_WARN_UNGUARDED_AVAILABILITY = YES_AGGRESSIVE;
				CLANG_WARN_UNREACHABLE_CODE = YES;
				CLANG_WARN__DUPLICATE_METHOD_MATCH = YES;
				COPY_PHASE_STRIP = NO;
				DEBUG_INFORMATION_FORMAT = "dwarf-with-dsym";
				ENABLE_NS_ASSERTIONS = NO;
				ENABLE_STRICT_OBJC_MSGSEND = YES;
				ENABLE_USER_SCRIPT_SANDBOXING = YES;
				GCC_C_LANGUAGE_STANDARD = gnu17;
				GCC_NO_COMMON_BLOCKS = YES;
				GCC_WARN_64_TO_32_BIT_CONVERSION = YES;
				GCC_WARN_ABOUT_RETURN_TYPE = YES_ERROR;
				GCC_WARN_UNDECLARED_SELECTOR = YES;
				GCC_WARN_UNINITIALIZED_AUTOS = YES_AGGRESSIVE;
				GCC_WARN_UNUSED_FUNCTION = YES;
				GCC_WARN_UNUSED_VARIABLE = YES;
				IPHONEOS_DEPLOYMENT_TARGET = 17.0;
				LOCALIZATION_PREFERS_STRING_CATALOGS = YES;
				MTL_ENABLE_DEBUG_INFO = NO;
				MTL_FAST_MATH = YES;
				SDKROOT = iphoneos;
				SWIFT_COMPILATION_MODE = wholemodule;
				VALIDATE_PRODUCT = YES;
			};
			name = Release;
		};
		959FB6992BF7E24F0042C394 /* Debug */ = {
			isa = XCBuildConfiguration;
			buildSettings = {
				ASSETCATALOG_COMPILER_APPICON_NAME = AppIcon;
				ASSETCATALOG_COMPILER_GLOBAL_ACCENT_COLOR_NAME = AccentColor;
				CODE_SIGN_STYLE = Automatic;
				CURRENT_PROJECT_VERSION = 1;
				DEVELOPMENT_TEAM = 75V4JJUAC7;
				ENABLE_USER_SCRIPT_SANDBOXING = NO;
				GENERATE_INFOPLIST_FILE = YES;
				INFOPLIST_FILE = "GitHubSearch-2/Info.plist";
				INFOPLIST_KEY_UIApplicationSupportsIndirectInputEvents = YES;
				INFOPLIST_KEY_UILaunchStoryboardName = LaunchScreen;
				INFOPLIST_KEY_UIMainStoryboardFile = "";
				INFOPLIST_KEY_UISupportedInterfaceOrientations_iPad = "UIInterfaceOrientationPortrait UIInterfaceOrientationPortraitUpsideDown UIInterfaceOrientationLandscapeLeft UIInterfaceOrientationLandscapeRight";
				INFOPLIST_KEY_UISupportedInterfaceOrientations_iPhone = "UIInterfaceOrientationPortrait UIInterfaceOrientationLandscapeLeft UIInterfaceOrientationLandscapeRight";
				LD_RUNPATH_SEARCH_PATHS = (
					"$(inherited)",
					"@executable_path/Frameworks",
				);
				MARKETING_VERSION = 1.0;
				PRODUCT_BUNDLE_IDENTIFIER = "com.krzysztoflema.GitHubSearch-2";
				PRODUCT_NAME = "$(TARGET_NAME)";
				SWIFT_EMIT_LOC_STRINGS = YES;
				SWIFT_VERSION = 5.0;
				TARGETED_DEVICE_FAMILY = "1,2";
			};
			name = Debug;
		};
		959FB69A2BF7E24F0042C394 /* Release */ = {
			isa = XCBuildConfiguration;
			buildSettings = {
				ASSETCATALOG_COMPILER_APPICON_NAME = AppIcon;
				ASSETCATALOG_COMPILER_GLOBAL_ACCENT_COLOR_NAME = AccentColor;
				CODE_SIGN_STYLE = Automatic;
				CURRENT_PROJECT_VERSION = 1;
				DEVELOPMENT_TEAM = 75V4JJUAC7;
				ENABLE_USER_SCRIPT_SANDBOXING = NO;
				GENERATE_INFOPLIST_FILE = YES;
				INFOPLIST_FILE = "GitHubSearch-2/Info.plist";
				INFOPLIST_KEY_UIApplicationSupportsIndirectInputEvents = YES;
				INFOPLIST_KEY_UILaunchStoryboardName = LaunchScreen;
				INFOPLIST_KEY_UIMainStoryboardFile = "";
				INFOPLIST_KEY_UISupportedInterfaceOrientations_iPad = "UIInterfaceOrientationPortrait UIInterfaceOrientationPortraitUpsideDown UIInterfaceOrientationLandscapeLeft UIInterfaceOrientationLandscapeRight";
				INFOPLIST_KEY_UISupportedInterfaceOrientations_iPhone = "UIInterfaceOrientationPortrait UIInterfaceOrientationLandscapeLeft UIInterfaceOrientationLandscapeRight";
				LD_RUNPATH_SEARCH_PATHS = (
					"$(inherited)",
					"@executable_path/Frameworks",
				);
				MARKETING_VERSION = 1.0;
				PRODUCT_BUNDLE_IDENTIFIER = "com.krzysztoflema.GitHubSearch-2";
				PRODUCT_NAME = "$(TARGET_NAME)";
				SWIFT_EMIT_LOC_STRINGS = YES;
				SWIFT_VERSION = 5.0;
				TARGETED_DEVICE_FAMILY = "1,2";
			};
			name = Release;
		};
		959FB69C2BF7E24F0042C394 /* Debug */ = {
			isa = XCBuildConfiguration;
			buildSettings = {
				ALWAYS_EMBED_SWIFT_STANDARD_LIBRARIES = YES;
				BUNDLE_LOADER = "$(TEST_HOST)";
				CODE_SIGN_STYLE = Automatic;
				CURRENT_PROJECT_VERSION = 1;
				DEVELOPMENT_TEAM = 75V4JJUAC7;
				GENERATE_INFOPLIST_FILE = YES;
				IPHONEOS_DEPLOYMENT_TARGET = 17.0;
				MARKETING_VERSION = 1.0;
				PRODUCT_BUNDLE_IDENTIFIER = "com.krzysztoflema.GitHubSearch-2Tests";
				PRODUCT_NAME = "$(TARGET_NAME)";
				SWIFT_EMIT_LOC_STRINGS = NO;
				SWIFT_VERSION = 5.0;
				TARGETED_DEVICE_FAMILY = "1,2";
				TEST_HOST = "$(BUILT_PRODUCTS_DIR)/GitHubSearch-2.app/$(BUNDLE_EXECUTABLE_FOLDER_PATH)/GitHubSearch-2";
			};
			name = Debug;
		};
		959FB69D2BF7E24F0042C394 /* Release */ = {
			isa = XCBuildConfiguration;
			buildSettings = {
				ALWAYS_EMBED_SWIFT_STANDARD_LIBRARIES = YES;
				BUNDLE_LOADER = "$(TEST_HOST)";
				CODE_SIGN_STYLE = Automatic;
				CURRENT_PROJECT_VERSION = 1;
				DEVELOPMENT_TEAM = 75V4JJUAC7;
				GENERATE_INFOPLIST_FILE = YES;
				IPHONEOS_DEPLOYMENT_TARGET = 17.0;
				MARKETING_VERSION = 1.0;
				PRODUCT_BUNDLE_IDENTIFIER = "com.krzysztoflema.GitHubSearch-2Tests";
				PRODUCT_NAME = "$(TARGET_NAME)";
				SWIFT_EMIT_LOC_STRINGS = NO;
				SWIFT_VERSION = 5.0;
				TARGETED_DEVICE_FAMILY = "1,2";
				TEST_HOST = "$(BUILT_PRODUCTS_DIR)/GitHubSearch-2.app/$(BUNDLE_EXECUTABLE_FOLDER_PATH)/GitHubSearch-2";
			};
			name = Release;
		};
		959FB69F2BF7E24F0042C394 /* Debug */ = {
			isa = XCBuildConfiguration;
			buildSettings = {
				ALWAYS_EMBED_SWIFT_STANDARD_LIBRARIES = YES;
				CODE_SIGN_STYLE = Automatic;
				CURRENT_PROJECT_VERSION = 1;
				DEVELOPMENT_TEAM = 75V4JJUAC7;
				GENERATE_INFOPLIST_FILE = YES;
				MARKETING_VERSION = 1.0;
				PRODUCT_BUNDLE_IDENTIFIER = "com.krzysztoflema.GitHubSearch-2UITests";
				PRODUCT_NAME = "$(TARGET_NAME)";
				SWIFT_EMIT_LOC_STRINGS = NO;
				SWIFT_VERSION = 5.0;
				TARGETED_DEVICE_FAMILY = "1,2";
				TEST_TARGET_NAME = "GitHubSearch-2";
			};
			name = Debug;
		};
		959FB6A02BF7E24F0042C394 /* Release */ = {
			isa = XCBuildConfiguration;
			buildSettings = {
				ALWAYS_EMBED_SWIFT_STANDARD_LIBRARIES = YES;
				CODE_SIGN_STYLE = Automatic;
				CURRENT_PROJECT_VERSION = 1;
				DEVELOPMENT_TEAM = 75V4JJUAC7;
				GENERATE_INFOPLIST_FILE = YES;
				MARKETING_VERSION = 1.0;
				PRODUCT_BUNDLE_IDENTIFIER = "com.krzysztoflema.GitHubSearch-2UITests";
				PRODUCT_NAME = "$(TARGET_NAME)";
				SWIFT_EMIT_LOC_STRINGS = NO;
				SWIFT_VERSION = 5.0;
				TARGETED_DEVICE_FAMILY = "1,2";
				TEST_TARGET_NAME = "GitHubSearch-2";
			};
			name = Release;
		};
/* End XCBuildConfiguration section */

/* Begin XCConfigurationList section */
		959FB6692BF7E24E0042C394 /* Build configuration list for PBXProject "GitHubSearch-2" */ = {
			isa = XCConfigurationList;
			buildConfigurations = (
				959FB6962BF7E24F0042C394 /* Debug */,
				959FB6972BF7E24F0042C394 /* Release */,
			);
			defaultConfigurationIsVisible = 0;
			defaultConfigurationName = Release;
		};
		959FB6982BF7E24F0042C394 /* Build configuration list for PBXNativeTarget "GitHubSearch-2" */ = {
			isa = XCConfigurationList;
			buildConfigurations = (
				959FB6992BF7E24F0042C394 /* Debug */,
				959FB69A2BF7E24F0042C394 /* Release */,
			);
			defaultConfigurationIsVisible = 0;
			defaultConfigurationName = Release;
		};
		959FB69B2BF7E24F0042C394 /* Build configuration list for PBXNativeTarget "GitHubSearch-2Tests" */ = {
			isa = XCConfigurationList;
			buildConfigurations = (
				959FB69C2BF7E24F0042C394 /* Debug */,
				959FB69D2BF7E24F0042C394 /* Release */,
			);
			defaultConfigurationIsVisible = 0;
			defaultConfigurationName = Release;
		};
		959FB69E2BF7E24F0042C394 /* Build configuration list for PBXNativeTarget "GitHubSearch-2UITests" */ = {
			isa = XCConfigurationList;
			buildConfigurations = (
				959FB69F2BF7E24F0042C394 /* Debug */,
				959FB6A02BF7E24F0042C394 /* Release */,
			);
			defaultConfigurationIsVisible = 0;
			defaultConfigurationName = Release;
		};
/* End XCConfigurationList section */

/* Begin XCRemoteSwiftPackageReference section */
		95CC38A32BF94491005EA562 /* XCRemoteSwiftPackageReference "TinyConstraints" */ = {
			isa = XCRemoteSwiftPackageReference;
			repositoryURL = "https://github.com/roberthein/TinyConstraints.git";
			requirement = {
				kind = upToNextMajorVersion;
				minimumVersion = 4.0.2;
			};
		};
		95CC38A82BFB5C09005EA562 /* XCRemoteSwiftPackageReference "CocoaLumberjack" */ = {
			isa = XCRemoteSwiftPackageReference;
			repositoryURL = "https://github.com/CocoaLumberjack/CocoaLumberjack.git";
			requirement = {
				kind = upToNextMajorVersion;
				minimumVersion = 3.8.5;
			};
		};
/* End XCRemoteSwiftPackageReference section */

/* Begin XCSwiftPackageProductDependency section */
		95CC38A42BF94491005EA562 /* TinyConstraints */ = {
			isa = XCSwiftPackageProductDependency;
			package = 95CC38A32BF94491005EA562 /* XCRemoteSwiftPackageReference "TinyConstraints" */;
			productName = TinyConstraints;
		};
		95CC38AA2BFB5FC0005EA562 /* CocoaLumberjackSwift */ = {
			isa = XCSwiftPackageProductDependency;
			package = 95CC38A82BFB5C09005EA562 /* XCRemoteSwiftPackageReference "CocoaLumberjack" */;
			productName = CocoaLumberjackSwift;
		};
/* End XCSwiftPackageProductDependency section */
	};
	rootObject = 959FB6662BF7E24E0042C394 /* Project object */;
}
