// !$*UTF8*$!
{
	archiveVersion = 1;
	classes = {
	};
	objectVersion = 56;
	objects = {

/* Begin PBXBuildFile section */
		951BFA132BF8B6250019B430 /* Coordinator.swift in Sources */ = {isa = PBXBuildFile; fileRef = 951BFA122BF8B6250019B430 /* Coordinator.swift */; };
		951BFA152BF8BAFA0019B430 /* ApplicationCoordinator.swift in Sources */ = {isa = PBXBuildFile; fileRef = 951BFA142BF8BAFA0019B430 /* ApplicationCoordinator.swift */; };
		951BFA182BF8C8880019B430 /* TabBarCoordinator.swift in Sources */ = {isa = PBXBuildFile; fileRef = 951BFA172BF8C8880019B430 /* TabBarCoordinator.swift */; };
		951BFA212BF92ACB0019B430 /* RepositoryListScreenCoordinator.swift in Sources */ = {isa = PBXBuildFile; fileRef = 951BFA202BF92ACB0019B430 /* RepositoryListScreenCoordinator.swift */; };
		951BFA242BF92C330019B430 /* SettingsScreenCoordinator.swift in Sources */ = {isa = PBXBuildFile; fileRef = 951BFA232BF92C330019B430 /* SettingsScreenCoordinator.swift */; };
		951BFA272BF92CC70019B430 /* SettingsViewController.swift in Sources */ = {isa = PBXBuildFile; fileRef = 951BFA262BF92CC70019B430 /* SettingsViewController.swift */; };
		951BFA292BF92CE20019B430 /* RepositoryListViewController.swift in Sources */ = {isa = PBXBuildFile; fileRef = 951BFA282BF92CE20019B430 /* RepositoryListViewController.swift */; };
		951F350A2C0D0866002B4607 /* Int+Extensions.swift in Sources */ = {isa = PBXBuildFile; fileRef = 951F35092C0D0866002B4607 /* Int+Extensions.swift */; };
		951F351A2C0F0906002B4607 /* UIView+Extensions.swift in Sources */ = {isa = PBXBuildFile; fileRef = 951F35192C0F0906002B4607 /* UIView+Extensions.swift */; };
		951F351C2C0F0AD7002B4607 /* Optional+Extensions.swift in Sources */ = {isa = PBXBuildFile; fileRef = 951F351B2C0F0AD7002B4607 /* Optional+Extensions.swift */; };
		951F351F2C0F165B002B4607 /* FooterReposiotoryTextBuilder.swift in Sources */ = {isa = PBXBuildFile; fileRef = 951F351E2C0F165B002B4607 /* FooterReposiotoryTextBuilder.swift */; };
		951F35432C0F769B002B4607 /* GitHubLanguageColors.json in Resources */ = {isa = PBXBuildFile; fileRef = 951F353E2C0F769B002B4607 /* GitHubLanguageColors.json */; };
		951F35442C0F769B002B4607 /* Assets.xcassets in Resources */ = {isa = PBXBuildFile; fileRef = 951F353F2C0F769B002B4607 /* Assets.xcassets */; };
		951F35452C0F769B002B4607 /* LaunchScreen.storyboard in Resources */ = {isa = PBXBuildFile; fileRef = 951F35402C0F769B002B4607 /* LaunchScreen.storyboard */; };
		951F35492C0F8BA8002B4607 /* GitHubLanguageColorsStore.swift in Sources */ = {isa = PBXBuildFile; fileRef = 951F35482C0F8BA8002B4607 /* GitHubLanguageColorsStore.swift */; };
		951F354B2C0F8D56002B4607 /* CollectionView+Extensions.swift in Sources */ = {isa = PBXBuildFile; fileRef = 951F354A2C0F8D56002B4607 /* CollectionView+Extensions.swift */; };
		951F35502C103D14002B4607 /* FooterStackView.swift in Sources */ = {isa = PBXBuildFile; fileRef = 951F354F2C103D14002B4607 /* FooterStackView.swift */; };
		951F35662C10A75C002B4607 /* FirebaseAnalytics in Frameworks */ = {isa = PBXBuildFile; productRef = 951F35652C10A75C002B4607 /* FirebaseAnalytics */; };
		951F35682C10A75C002B4607 /* FirebaseAnalyticsOnDeviceConversion in Frameworks */ = {isa = PBXBuildFile; productRef = 951F35672C10A75C002B4607 /* FirebaseAnalyticsOnDeviceConversion */; };
		951F356A2C10A75C002B4607 /* FirebaseAnalyticsSwift in Frameworks */ = {isa = PBXBuildFile; productRef = 951F35692C10A75C002B4607 /* FirebaseAnalyticsSwift */; };
		951F356C2C10A75C002B4607 /* FirebaseAnalyticsWithoutAdIdSupport in Frameworks */ = {isa = PBXBuildFile; productRef = 951F356B2C10A75C002B4607 /* FirebaseAnalyticsWithoutAdIdSupport */; };
		951F356E2C10A75C002B4607 /* FirebaseAppCheck in Frameworks */ = {isa = PBXBuildFile; productRef = 951F356D2C10A75C002B4607 /* FirebaseAppCheck */; };
		951F35702C10A75C002B4607 /* FirebaseAppDistribution-Beta in Frameworks */ = {isa = PBXBuildFile; productRef = 951F356F2C10A75C002B4607 /* FirebaseAppDistribution-Beta */; };
		951F35722C10A75C002B4607 /* FirebaseAuth in Frameworks */ = {isa = PBXBuildFile; productRef = 951F35712C10A75C002B4607 /* FirebaseAuth */; };
		951F35742C10A75C002B4607 /* FirebaseAuthCombine-Community in Frameworks */ = {isa = PBXBuildFile; productRef = 951F35732C10A75C002B4607 /* FirebaseAuthCombine-Community */; };
		951F35762C10A75C002B4607 /* FirebaseCrashlytics in Frameworks */ = {isa = PBXBuildFile; productRef = 951F35752C10A75C002B4607 /* FirebaseCrashlytics */; };
		951F35782C10A75C002B4607 /* FirebaseDatabase in Frameworks */ = {isa = PBXBuildFile; productRef = 951F35772C10A75C002B4607 /* FirebaseDatabase */; };
		951F357A2C10A75C002B4607 /* FirebaseDatabaseSwift in Frameworks */ = {isa = PBXBuildFile; productRef = 951F35792C10A75C002B4607 /* FirebaseDatabaseSwift */; };
		951F357C2C10A75C002B4607 /* FirebaseDynamicLinks in Frameworks */ = {isa = PBXBuildFile; productRef = 951F357B2C10A75C002B4607 /* FirebaseDynamicLinks */; };
		951F357E2C10A75C002B4607 /* FirebaseFirestore in Frameworks */ = {isa = PBXBuildFile; productRef = 951F357D2C10A75C002B4607 /* FirebaseFirestore */; };
		951F35802C10A75C002B4607 /* FirebaseFirestoreCombine-Community in Frameworks */ = {isa = PBXBuildFile; productRef = 951F357F2C10A75C002B4607 /* FirebaseFirestoreCombine-Community */; };
		951F35822C10A75C002B4607 /* FirebaseFirestoreSwift in Frameworks */ = {isa = PBXBuildFile; productRef = 951F35812C10A75C002B4607 /* FirebaseFirestoreSwift */; };
		951F35842C10A75C002B4607 /* FirebaseFunctions in Frameworks */ = {isa = PBXBuildFile; productRef = 951F35832C10A75C002B4607 /* FirebaseFunctions */; };
		951F35862C10A75C002B4607 /* FirebaseFunctionsCombine-Community in Frameworks */ = {isa = PBXBuildFile; productRef = 951F35852C10A75C002B4607 /* FirebaseFunctionsCombine-Community */; };
		951F358C2C10A75C002B4607 /* FirebaseInstallations in Frameworks */ = {isa = PBXBuildFile; productRef = 951F358B2C10A75C002B4607 /* FirebaseInstallations */; };
		951F35922C10A75C002B4607 /* FirebasePerformance in Frameworks */ = {isa = PBXBuildFile; productRef = 951F35912C10A75C002B4607 /* FirebasePerformance */; };
		951F35942C10A75C002B4607 /* FirebaseRemoteConfig in Frameworks */ = {isa = PBXBuildFile; productRef = 951F35932C10A75C002B4607 /* FirebaseRemoteConfig */; };
		951F35962C10A75C002B4607 /* FirebaseRemoteConfigSwift in Frameworks */ = {isa = PBXBuildFile; productRef = 951F35952C10A75C002B4607 /* FirebaseRemoteConfigSwift */; };
		951F35982C10A75C002B4607 /* FirebaseStorage in Frameworks */ = {isa = PBXBuildFile; productRef = 951F35972C10A75C002B4607 /* FirebaseStorage */; };
		951F359A2C10A75C002B4607 /* FirebaseStorageCombine-Community in Frameworks */ = {isa = PBXBuildFile; productRef = 951F35992C10A75C002B4607 /* FirebaseStorageCombine-Community */; };
		952249442C1C19DD00526DE6 /* UIStackView+Extensions.swift in Sources */ = {isa = PBXBuildFile; fileRef = 952249432C1C19DD00526DE6 /* UIStackView+Extensions.swift */; };
		95429BBA2C090AB900BCD09D /* RepositoryListCell.swift in Sources */ = {isa = PBXBuildFile; fileRef = 95429BB92C090AB900BCD09D /* RepositoryListCell.swift */; };
		95429BBD2C09166E00BCD09D /* ReuseIdentifier.swift in Sources */ = {isa = PBXBuildFile; fileRef = 95429BBC2C09166E00BCD09D /* ReuseIdentifier.swift */; };
		955945CC2C234A5A008F50EB /* Inject in Frameworks */ = {isa = PBXBuildFile; productRef = 955945CB2C234A5A008F50EB /* Inject */; };
		957A10DD2C1E20B9002440E3 /* GHSModels in Frameworks */ = {isa = PBXBuildFile; productRef = 957A10DC2C1E20B9002440E3 /* GHSModels */; };
		957A10DF2C1E2310002440E3 /* GHSDtoModels in Frameworks */ = {isa = PBXBuildFile; productRef = 957A10DE2C1E2310002440E3 /* GHSDtoModels */; settings = {ATTRIBUTES = (Required, ); }; };
		9587DDDF2C1A1FE800258602 /* GoogleService-Info.plist in Resources */ = {isa = PBXBuildFile; fileRef = 9587DDDE2C1A1FE800258602 /* GoogleService-Info.plist */; };
		959276B52C03A74800048438 /* ObservableSearchController.swift in Sources */ = {isa = PBXBuildFile; fileRef = 959276B42C03A74800048438 /* ObservableSearchController.swift */; };
		959FB6722BF7E24E0042C394 /* AppDelegate.swift in Sources */ = {isa = PBXBuildFile; fileRef = 959FB6712BF7E24E0042C394 /* AppDelegate.swift */; };
		959FB6742BF7E24E0042C394 /* SceneDelegate.swift in Sources */ = {isa = PBXBuildFile; fileRef = 959FB6732BF7E24E0042C394 /* SceneDelegate.swift */; };
		959FB6892BF7E24F0042C394 /* GitHubSearch_2Tests.swift in Sources */ = {isa = PBXBuildFile; fileRef = 959FB6882BF7E24F0042C394 /* GitHubSearch_2Tests.swift */; };
		959FB6932BF7E24F0042C394 /* GitHubSearch_2UITests.swift in Sources */ = {isa = PBXBuildFile; fileRef = 959FB6922BF7E24F0042C394 /* GitHubSearch_2UITests.swift */; };
		959FB6952BF7E24F0042C394 /* GitHubSearch_2UITestsLaunchTests.swift in Sources */ = {isa = PBXBuildFile; fileRef = 959FB6942BF7E24F0042C394 /* GitHubSearch_2UITestsLaunchTests.swift */; };
		95A67A672C186A4C0056B08A /* SettingsView.swift in Sources */ = {isa = PBXBuildFile; fileRef = 95A67A662C186A4C0056B08A /* SettingsView.swift */; };
		95A67A692C186A800056B08A /* SettingsViewModel.swift in Sources */ = {isa = PBXBuildFile; fileRef = 95A67A682C186A800056B08A /* SettingsViewModel.swift */; };
		95A67A6C2C188ED80056B08A /* SettingsTableViewCell.swift in Sources */ = {isa = PBXBuildFile; fileRef = 95A67A6B2C188ED80056B08A /* SettingsTableViewCell.swift */; };
		95B101632C020D8100F82CFA /* RepositoryListViewModel.swift in Sources */ = {isa = PBXBuildFile; fileRef = 95B101622C020D8100F82CFA /* RepositoryListViewModel.swift */; };
		95B1016B2C032F7D00F82CFA /* RepositoryListView.swift in Sources */ = {isa = PBXBuildFile; fileRef = 95B1016A2C032F7D00F82CFA /* RepositoryListView.swift */; };
		95CC38A52BF94491005EA562 /* TinyConstraints in Frameworks */ = {isa = PBXBuildFile; productRef = 95CC38A42BF94491005EA562 /* TinyConstraints */; };
		95CC38A72BFA3E8A005EA562 /* TabBarViewController.swift in Sources */ = {isa = PBXBuildFile; fileRef = 95CC38A62BFA3E8A005EA562 /* TabBarViewController.swift */; };
		95CC38AB2BFB5FC0005EA562 /* CocoaLumberjackSwift in Frameworks */ = {isa = PBXBuildFile; productRef = 95CC38AA2BFB5FC0005EA562 /* CocoaLumberjackSwift */; };
		95CC38B02BFB8A63005EA562 /* RequestProtocol.swift in Sources */ = {isa = PBXBuildFile; fileRef = 95CC38AF2BFB8A63005EA562 /* RequestProtocol.swift */; };
		95CC38B22BFB8A77005EA562 /* RequestType.swift in Sources */ = {isa = PBXBuildFile; fileRef = 95CC38B12BFB8A77005EA562 /* RequestType.swift */; };
		95CC38B42BFB8D4F005EA562 /* APIConstants.swift in Sources */ = {isa = PBXBuildFile; fileRef = 95CC38B32BFB8D4F005EA562 /* APIConstants.swift */; };
		95CC38B72BFB9301005EA562 /* SearchServiceType.swift in Sources */ = {isa = PBXBuildFile; fileRef = 95CC38B62BFB9301005EA562 /* SearchServiceType.swift */; };
		95CC38B92BFB94AA005EA562 /* SearchService.swift in Sources */ = {isa = PBXBuildFile; fileRef = 95CC38B82BFB94AA005EA562 /* SearchService.swift */; };
		95CC38BB2BFB9595005EA562 /* RequestManager.swift in Sources */ = {isa = PBXBuildFile; fileRef = 95CC38BA2BFB9595005EA562 /* RequestManager.swift */; };
		95CC38C12BFBE00B005EA562 /* DataParser.swift in Sources */ = {isa = PBXBuildFile; fileRef = 95CC38C02BFBE00B005EA562 /* DataParser.swift */; };
		95CC38C42BFC7563005EA562 /* SearchRequest.swift in Sources */ = {isa = PBXBuildFile; fileRef = 95CC38C32BFC7562005EA562 /* SearchRequest.swift */; };
		95CDB0DD2C04A86800BFACCA /* NavigationController.swift in Sources */ = {isa = PBXBuildFile; fileRef = 95CDB0DC2C04A86800BFACCA /* NavigationController.swift */; };
		95E310342C2248A4000829EA /* LoginScreenCoordinator.swift in Sources */ = {isa = PBXBuildFile; fileRef = 95E310322C2248A4000829EA /* LoginScreenCoordinator.swift */; };
		95E310362C2248BF000829EA /* GHSLoginFeature in Frameworks */ = {isa = PBXBuildFile; productRef = 95E310352C2248BF000829EA /* GHSLoginFeature */; };
		95EE22712C051795001AD6B8 /* RepositoryDetailCoordinator.swift in Sources */ = {isa = PBXBuildFile; fileRef = 95EE22702C051795001AD6B8 /* RepositoryDetailCoordinator.swift */; };
/* End PBXBuildFile section */

/* Begin PBXContainerItemProxy section */
		959FB6852BF7E24F0042C394 /* PBXContainerItemProxy */ = {
			isa = PBXContainerItemProxy;
			containerPortal = 959FB6662BF7E24E0042C394 /* Project object */;
			proxyType = 1;
			remoteGlobalIDString = 959FB66D2BF7E24E0042C394;
			remoteInfo = "GitHubSearch-2";
		};
		959FB68F2BF7E24F0042C394 /* PBXContainerItemProxy */ = {
			isa = PBXContainerItemProxy;
			containerPortal = 959FB6662BF7E24E0042C394 /* Project object */;
			proxyType = 1;
			remoteGlobalIDString = 959FB66D2BF7E24E0042C394;
			remoteInfo = "GitHubSearch-2";
		};
/* End PBXContainerItemProxy section */

/* Begin PBXFileReference section */
		951BFA122BF8B6250019B430 /* Coordinator.swift */ = {isa = PBXFileReference; lastKnownFileType = sourcecode.swift; path = Coordinator.swift; sourceTree = "<group>"; };
		951BFA142BF8BAFA0019B430 /* ApplicationCoordinator.swift */ = {isa = PBXFileReference; lastKnownFileType = sourcecode.swift; path = ApplicationCoordinator.swift; sourceTree = "<group>"; };
		951BFA172BF8C8880019B430 /* TabBarCoordinator.swift */ = {isa = PBXFileReference; lastKnownFileType = sourcecode.swift; path = TabBarCoordinator.swift; sourceTree = "<group>"; };
		951BFA202BF92ACB0019B430 /* RepositoryListScreenCoordinator.swift */ = {isa = PBXFileReference; lastKnownFileType = sourcecode.swift; path = RepositoryListScreenCoordinator.swift; sourceTree = "<group>"; };
		951BFA232BF92C330019B430 /* SettingsScreenCoordinator.swift */ = {isa = PBXFileReference; lastKnownFileType = sourcecode.swift; path = SettingsScreenCoordinator.swift; sourceTree = "<group>"; };
		951BFA262BF92CC70019B430 /* SettingsViewController.swift */ = {isa = PBXFileReference; lastKnownFileType = sourcecode.swift; path = SettingsViewController.swift; sourceTree = "<group>"; };
		951BFA282BF92CE20019B430 /* RepositoryListViewController.swift */ = {isa = PBXFileReference; lastKnownFileType = sourcecode.swift; path = RepositoryListViewController.swift; sourceTree = "<group>"; };
		951F35092C0D0866002B4607 /* Int+Extensions.swift */ = {isa = PBXFileReference; lastKnownFileType = sourcecode.swift; path = "Int+Extensions.swift"; sourceTree = "<group>"; };
		951F35192C0F0906002B4607 /* UIView+Extensions.swift */ = {isa = PBXFileReference; lastKnownFileType = sourcecode.swift; path = "UIView+Extensions.swift"; sourceTree = "<group>"; };
		951F351B2C0F0AD7002B4607 /* Optional+Extensions.swift */ = {isa = PBXFileReference; lastKnownFileType = sourcecode.swift; path = "Optional+Extensions.swift"; sourceTree = "<group>"; };
		951F351E2C0F165B002B4607 /* FooterReposiotoryTextBuilder.swift */ = {isa = PBXFileReference; lastKnownFileType = sourcecode.swift; path = FooterReposiotoryTextBuilder.swift; sourceTree = "<group>"; };
		951F353E2C0F769B002B4607 /* GitHubLanguageColors.json */ = {isa = PBXFileReference; fileEncoding = 4; lastKnownFileType = text.json; path = GitHubLanguageColors.json; sourceTree = "<group>"; };
		951F353F2C0F769B002B4607 /* Assets.xcassets */ = {isa = PBXFileReference; lastKnownFileType = folder.assetcatalog; path = Assets.xcassets; sourceTree = "<group>"; };
		951F35412C0F769B002B4607 /* Base */ = {isa = PBXFileReference; lastKnownFileType = file.storyboard; name = Base; path = Base.lproj/LaunchScreen.storyboard; sourceTree = "<group>"; };
		951F35482C0F8BA8002B4607 /* GitHubLanguageColorsStore.swift */ = {isa = PBXFileReference; fileEncoding = 4; lastKnownFileType = sourcecode.swift; name = GitHubLanguageColorsStore.swift; path = stores/GitHubLanguageColorsStore.swift; sourceTree = "<group>"; };
		951F354A2C0F8D56002B4607 /* CollectionView+Extensions.swift */ = {isa = PBXFileReference; lastKnownFileType = sourcecode.swift; path = "CollectionView+Extensions.swift"; sourceTree = "<group>"; };
		951F354F2C103D14002B4607 /* FooterStackView.swift */ = {isa = PBXFileReference; lastKnownFileType = sourcecode.swift; path = FooterStackView.swift; sourceTree = "<group>"; };
		952249432C1C19DD00526DE6 /* UIStackView+Extensions.swift */ = {isa = PBXFileReference; lastKnownFileType = sourcecode.swift; path = "UIStackView+Extensions.swift"; sourceTree = "<group>"; };
		95429BB92C090AB900BCD09D /* RepositoryListCell.swift */ = {isa = PBXFileReference; lastKnownFileType = sourcecode.swift; path = RepositoryListCell.swift; sourceTree = "<group>"; };
		95429BBC2C09166E00BCD09D /* ReuseIdentifier.swift */ = {isa = PBXFileReference; lastKnownFileType = sourcecode.swift; path = ReuseIdentifier.swift; sourceTree = "<group>"; };
		957A10DA2C1E1C86002440E3 /* GHSModels */ = {isa = PBXFileReference; lastKnownFileType = wrapper; path = GHSModels; sourceTree = "<group>"; };
		957A10DB2C1E1DA3002440E3 /* GHSDtoModels */ = {isa = PBXFileReference; lastKnownFileType = wrapper; path = GHSDtoModels; sourceTree = "<group>"; };
		957A10E02C1E2329002440E3 /* GHSCoreUI */ = {isa = PBXFileReference; lastKnownFileType = wrapper; path = GHSCoreUI; sourceTree = "<group>"; };
		9587DDDE2C1A1FE800258602 /* GoogleService-Info.plist */ = {isa = PBXFileReference; fileEncoding = 4; lastKnownFileType = text.plist.xml; path = "GoogleService-Info.plist"; sourceTree = "<group>"; };
		959276B42C03A74800048438 /* ObservableSearchController.swift */ = {isa = PBXFileReference; lastKnownFileType = sourcecode.swift; path = ObservableSearchController.swift; sourceTree = "<group>"; };
		959FB66E2BF7E24E0042C394 /* GitHubSearch-2.app */ = {isa = PBXFileReference; explicitFileType = wrapper.application; includeInIndex = 0; path = "GitHubSearch-2.app"; sourceTree = BUILT_PRODUCTS_DIR; };
		959FB6712BF7E24E0042C394 /* AppDelegate.swift */ = {isa = PBXFileReference; lastKnownFileType = sourcecode.swift; path = AppDelegate.swift; sourceTree = "<group>"; };
		959FB6732BF7E24E0042C394 /* SceneDelegate.swift */ = {isa = PBXFileReference; lastKnownFileType = sourcecode.swift; path = SceneDelegate.swift; sourceTree = "<group>"; };
		959FB6842BF7E24F0042C394 /* GitHubSearch-2Tests.xctest */ = {isa = PBXFileReference; explicitFileType = wrapper.cfbundle; includeInIndex = 0; path = "GitHubSearch-2Tests.xctest"; sourceTree = BUILT_PRODUCTS_DIR; };
		959FB6882BF7E24F0042C394 /* GitHubSearch_2Tests.swift */ = {isa = PBXFileReference; lastKnownFileType = sourcecode.swift; path = GitHubSearch_2Tests.swift; sourceTree = "<group>"; };
		959FB68E2BF7E24F0042C394 /* GitHubSearch-2UITests.xctest */ = {isa = PBXFileReference; explicitFileType = wrapper.cfbundle; includeInIndex = 0; path = "GitHubSearch-2UITests.xctest"; sourceTree = BUILT_PRODUCTS_DIR; };
		959FB6922BF7E24F0042C394 /* GitHubSearch_2UITests.swift */ = {isa = PBXFileReference; lastKnownFileType = sourcecode.swift; path = GitHubSearch_2UITests.swift; sourceTree = "<group>"; };
		959FB6942BF7E24F0042C394 /* GitHubSearch_2UITestsLaunchTests.swift */ = {isa = PBXFileReference; lastKnownFileType = sourcecode.swift; path = GitHubSearch_2UITestsLaunchTests.swift; sourceTree = "<group>"; };
		95A67A5B2C161F910056B08A /* GitHubSearch-2.entitlements */ = {isa = PBXFileReference; lastKnownFileType = text.plist.entitlements; path = "GitHubSearch-2.entitlements"; sourceTree = "<group>"; };
		95A67A662C186A4C0056B08A /* SettingsView.swift */ = {isa = PBXFileReference; lastKnownFileType = sourcecode.swift; path = SettingsView.swift; sourceTree = "<group>"; };
		95A67A682C186A800056B08A /* SettingsViewModel.swift */ = {isa = PBXFileReference; lastKnownFileType = sourcecode.swift; path = SettingsViewModel.swift; sourceTree = "<group>"; };
		95A67A6B2C188ED80056B08A /* SettingsTableViewCell.swift */ = {isa = PBXFileReference; lastKnownFileType = sourcecode.swift; path = SettingsTableViewCell.swift; sourceTree = "<group>"; };
		95B101622C020D8100F82CFA /* RepositoryListViewModel.swift */ = {isa = PBXFileReference; lastKnownFileType = sourcecode.swift; path = RepositoryListViewModel.swift; sourceTree = "<group>"; };
		95B1016A2C032F7D00F82CFA /* RepositoryListView.swift */ = {isa = PBXFileReference; lastKnownFileType = sourcecode.swift; path = RepositoryListView.swift; sourceTree = "<group>"; };
		95CC38A62BFA3E8A005EA562 /* TabBarViewController.swift */ = {isa = PBXFileReference; lastKnownFileType = sourcecode.swift; path = TabBarViewController.swift; sourceTree = "<group>"; };
		95CC38AF2BFB8A63005EA562 /* RequestProtocol.swift */ = {isa = PBXFileReference; lastKnownFileType = sourcecode.swift; path = RequestProtocol.swift; sourceTree = "<group>"; };
		95CC38B12BFB8A77005EA562 /* RequestType.swift */ = {isa = PBXFileReference; lastKnownFileType = sourcecode.swift; path = RequestType.swift; sourceTree = "<group>"; };
		95CC38B32BFB8D4F005EA562 /* APIConstants.swift */ = {isa = PBXFileReference; lastKnownFileType = sourcecode.swift; path = APIConstants.swift; sourceTree = "<group>"; };
		95CC38B62BFB9301005EA562 /* SearchServiceType.swift */ = {isa = PBXFileReference; lastKnownFileType = sourcecode.swift; path = SearchServiceType.swift; sourceTree = "<group>"; };
		95CC38B82BFB94AA005EA562 /* SearchService.swift */ = {isa = PBXFileReference; lastKnownFileType = sourcecode.swift; path = SearchService.swift; sourceTree = "<group>"; };
		95CC38BA2BFB9595005EA562 /* RequestManager.swift */ = {isa = PBXFileReference; lastKnownFileType = sourcecode.swift; path = RequestManager.swift; sourceTree = "<group>"; };
		95CC38C02BFBE00B005EA562 /* DataParser.swift */ = {isa = PBXFileReference; lastKnownFileType = sourcecode.swift; path = DataParser.swift; sourceTree = "<group>"; };
		95CC38C32BFC7562005EA562 /* SearchRequest.swift */ = {isa = PBXFileReference; lastKnownFileType = sourcecode.swift; path = SearchRequest.swift; sourceTree = "<group>"; };
		95CDB0DC2C04A86800BFACCA /* NavigationController.swift */ = {isa = PBXFileReference; lastKnownFileType = sourcecode.swift; path = NavigationController.swift; sourceTree = "<group>"; };
		95E3102E2C22435A000829EA /* GHSLoginFeature */ = {isa = PBXFileReference; lastKnownFileType = wrapper; path = GHSLoginFeature; sourceTree = "<group>"; };
		95E310312C22462A000829EA /* Package.swift */ = {isa = PBXFileReference; lastKnownFileType = sourcecode.swift; name = Package.swift; path = Packages/GHSLoginFeature/Package.swift; sourceTree = "<group>"; };
		95E310322C2248A4000829EA /* LoginScreenCoordinator.swift */ = {isa = PBXFileReference; fileEncoding = 4; lastKnownFileType = sourcecode.swift; path = LoginScreenCoordinator.swift; sourceTree = "<group>"; };
		95E310372C224DCC000829EA /* GHSExtensions */ = {isa = PBXFileReference; lastKnownFileType = wrapper; path = GHSExtensions; sourceTree = "<group>"; };
		95E310382C224F56000829EA /* GHSDependecyInjection */ = {isa = PBXFileReference; lastKnownFileType = wrapper; path = GHSDependecyInjection; sourceTree = "<group>"; };
		95EE22702C051795001AD6B8 /* RepositoryDetailCoordinator.swift */ = {isa = PBXFileReference; lastKnownFileType = sourcecode.swift; path = RepositoryDetailCoordinator.swift; sourceTree = "<group>"; };
/* End PBXFileReference section */

/* Begin PBXFrameworksBuildPhase section */
		959FB66B2BF7E24E0042C394 /* Frameworks */ = {
			isa = PBXFrameworksBuildPhase;
			buildActionMask = 2147483647;
			files = (
				955945CC2C234A5A008F50EB /* Inject in Frameworks */,
				95CC38AB2BFB5FC0005EA562 /* CocoaLumberjackSwift in Frameworks */,
				951F35822C10A75C002B4607 /* FirebaseFirestoreSwift in Frameworks */,
				951F356C2C10A75C002B4607 /* FirebaseAnalyticsWithoutAdIdSupport in Frameworks */,
				951F35842C10A75C002B4607 /* FirebaseFunctions in Frameworks */,
				95CC38A52BF94491005EA562 /* TinyConstraints in Frameworks */,
				951F35662C10A75C002B4607 /* FirebaseAnalytics in Frameworks */,
				951F35722C10A75C002B4607 /* FirebaseAuth in Frameworks */,
				951F357C2C10A75C002B4607 /* FirebaseDynamicLinks in Frameworks */,
				951F35762C10A75C002B4607 /* FirebaseCrashlytics in Frameworks */,
				951F357A2C10A75C002B4607 /* FirebaseDatabaseSwift in Frameworks */,
				951F357E2C10A75C002B4607 /* FirebaseFirestore in Frameworks */,
				957A10DF2C1E2310002440E3 /* GHSDtoModels in Frameworks */,
				951F358C2C10A75C002B4607 /* FirebaseInstallations in Frameworks */,
				951F35862C10A75C002B4607 /* FirebaseFunctionsCombine-Community in Frameworks */,
				951F35802C10A75C002B4607 /* FirebaseFirestoreCombine-Community in Frameworks */,
				951F35782C10A75C002B4607 /* FirebaseDatabase in Frameworks */,
				951F35922C10A75C002B4607 /* FirebasePerformance in Frameworks */,
				951F356E2C10A75C002B4607 /* FirebaseAppCheck in Frameworks */,
				951F35682C10A75C002B4607 /* FirebaseAnalyticsOnDeviceConversion in Frameworks */,
				951F35962C10A75C002B4607 /* FirebaseRemoteConfigSwift in Frameworks */,
				957A10DD2C1E20B9002440E3 /* GHSModels in Frameworks */,
				951F356A2C10A75C002B4607 /* FirebaseAnalyticsSwift in Frameworks */,
				95E310362C2248BF000829EA /* GHSLoginFeature in Frameworks */,
				951F35702C10A75C002B4607 /* FirebaseAppDistribution-Beta in Frameworks */,
				951F35942C10A75C002B4607 /* FirebaseRemoteConfig in Frameworks */,
				951F35982C10A75C002B4607 /* FirebaseStorage in Frameworks */,
				951F35742C10A75C002B4607 /* FirebaseAuthCombine-Community in Frameworks */,
				951F359A2C10A75C002B4607 /* FirebaseStorageCombine-Community in Frameworks */,
			);
			runOnlyForDeploymentPostprocessing = 0;
		};
		959FB6812BF7E24F0042C394 /* Frameworks */ = {
			isa = PBXFrameworksBuildPhase;
			buildActionMask = 2147483647;
			files = (
			);
			runOnlyForDeploymentPostprocessing = 0;
		};
		959FB68B2BF7E24F0042C394 /* Frameworks */ = {
			isa = PBXFrameworksBuildPhase;
			buildActionMask = 2147483647;
			files = (
			);
			runOnlyForDeploymentPostprocessing = 0;
		};
/* End PBXFrameworksBuildPhase section */

/* Begin PBXGroup section */
		951BFA112BF8B5FD0019B430 /* Coordinators */ = {
			isa = PBXGroup;
			children = (
				95E310332C2248A4000829EA /* LoginScreenCoordinator */,
				951BFA162BF8C8720019B430 /* Main */,
				951BFA122BF8B6250019B430 /* Coordinator.swift */,
				951BFA142BF8BAFA0019B430 /* ApplicationCoordinator.swift */,
			);
			path = Coordinators;
			sourceTree = "<group>";
		};
		951BFA162BF8C8720019B430 /* Main */ = {
			isa = PBXGroup;
			children = (
				951BFA172BF8C8880019B430 /* TabBarCoordinator.swift */,
				95CC38A62BFA3E8A005EA562 /* TabBarViewController.swift */,
			);
			path = Main;
			sourceTree = "<group>";
		};
		951BFA192BF920C00019B430 /* Features */ = {
			isa = PBXGroup;
			children = (
				951F359D2C10E029002B4607 /* Login */,
				95EE226E2C05165B001AD6B8 /* RepositoryDetail */,
				951BFA222BF92C040019B430 /* Settings */,
				951BFA1E2BF929A10019B430 /* RepositoryList */,
			);
			path = Features;
			sourceTree = "<group>";
		};
		951BFA1E2BF929A10019B430 /* RepositoryList */ = {
			isa = PBXGroup;
			children = (
				951F351D2C0F1648002B4607 /* Builders */,
				95429BB82C090AA400BCD09D /* Cell */,
				951BFA1F2BF92A720019B430 /* Coordinator */,
				951BFA282BF92CE20019B430 /* RepositoryListViewController.swift */,
				95B101622C020D8100F82CFA /* RepositoryListViewModel.swift */,
				95B1016A2C032F7D00F82CFA /* RepositoryListView.swift */,
			);
			path = RepositoryList;
			sourceTree = "<group>";
		};
		951BFA1F2BF92A720019B430 /* Coordinator */ = {
			isa = PBXGroup;
			children = (
				951BFA202BF92ACB0019B430 /* RepositoryListScreenCoordinator.swift */,
			);
			path = Coordinator;
			sourceTree = "<group>";
		};
		951BFA222BF92C040019B430 /* Settings */ = {
			isa = PBXGroup;
			children = (
				95A67A6A2C188EC40056B08A /* Cell */,
				951BFA252BF92CA10019B430 /* Coordinator */,
				951BFA262BF92CC70019B430 /* SettingsViewController.swift */,
				95A67A662C186A4C0056B08A /* SettingsView.swift */,
				95A67A682C186A800056B08A /* SettingsViewModel.swift */,
			);
			path = Settings;
			sourceTree = "<group>";
		};
		951BFA252BF92CA10019B430 /* Coordinator */ = {
			isa = PBXGroup;
			children = (
				951BFA232BF92C330019B430 /* SettingsScreenCoordinator.swift */,
			);
			path = Coordinator;
			sourceTree = "<group>";
		};
		951F350F2C0E17CE002B4607 /* stores */ = {
			isa = PBXGroup;
			children = (
				951F35482C0F8BA8002B4607 /* GitHubLanguageColorsStore.swift */,
			);
			name = stores;
			sourceTree = "<group>";
		};
		951F351D2C0F1648002B4607 /* Builders */ = {
			isa = PBXGroup;
			children = (
				951F351E2C0F165B002B4607 /* FooterReposiotoryTextBuilder.swift */,
			);
			path = Builders;
			sourceTree = "<group>";
		};
		951F353D2C0F769B002B4607 /* SupportingFiles */ = {
			isa = PBXGroup;
			children = (
				951F353E2C0F769B002B4607 /* GitHubLanguageColors.json */,
				951F353F2C0F769B002B4607 /* Assets.xcassets */,
				951F35402C0F769B002B4607 /* LaunchScreen.storyboard */,
			);
			path = SupportingFiles;
			sourceTree = "<group>";
		};
		951F359D2C10E029002B4607 /* Login */ = {
			isa = PBXGroup;
			children = (
			);
			path = Login;
			sourceTree = "<group>";
		};
		95429BB82C090AA400BCD09D /* Cell */ = {
			isa = PBXGroup;
			children = (
				95429BB92C090AB900BCD09D /* RepositoryListCell.swift */,
			);
			path = Cell;
			sourceTree = "<group>";
		};
		95429BBB2C09164A00BCD09D /* Extensions */ = {
			isa = PBXGroup;
			children = (
				95429BBC2C09166E00BCD09D /* ReuseIdentifier.swift */,
				951F35092C0D0866002B4607 /* Int+Extensions.swift */,
				951F35192C0F0906002B4607 /* UIView+Extensions.swift */,
				951F351B2C0F0AD7002B4607 /* Optional+Extensions.swift */,
				951F354A2C0F8D56002B4607 /* CollectionView+Extensions.swift */,
				952249432C1C19DD00526DE6 /* UIStackView+Extensions.swift */,
			);
			path = Extensions;
			sourceTree = "<group>";
		};
		957A10D92C1E1C0E002440E3 /* Packages */ = {
			isa = PBXGroup;
			children = (
				95E310382C224F56000829EA /* GHSDependecyInjection */,
				95E310372C224DCC000829EA /* GHSExtensions */,
				95E3102E2C22435A000829EA /* GHSLoginFeature */,
				957A10E02C1E2329002440E3 /* GHSCoreUI */,
				957A10DB2C1E1DA3002440E3 /* GHSDtoModels */,
				957A10DA2C1E1C86002440E3 /* GHSModels */,
			);
			path = Packages;
			sourceTree = "<group>";
		};
		959FB6652BF7E24E0042C394 = {
			isa = PBXGroup;
			children = (
				957A10D92C1E1C0E002440E3 /* Packages */,
				959FB6702BF7E24E0042C394 /* GitHubSearch-2 */,
				959FB6872BF7E24F0042C394 /* GitHubSearch-2Tests */,
				959FB6912BF7E24F0042C394 /* GitHubSearch-2UITests */,
				959FB66F2BF7E24E0042C394 /* Products */,
				95CC38A92BFB5FC0005EA562 /* Frameworks */,
			);
			sourceTree = "<group>";
		};
		959FB66F2BF7E24E0042C394 /* Products */ = {
			isa = PBXGroup;
			children = (
				959FB66E2BF7E24E0042C394 /* GitHubSearch-2.app */,
				959FB6842BF7E24F0042C394 /* GitHubSearch-2Tests.xctest */,
				959FB68E2BF7E24F0042C394 /* GitHubSearch-2UITests.xctest */,
			);
			name = Products;
			sourceTree = "<group>";
		};
		959FB6702BF7E24E0042C394 /* GitHubSearch-2 */ = {
			isa = PBXGroup;
			children = (
				9587DDDE2C1A1FE800258602 /* GoogleService-Info.plist */,
				95A67A5B2C161F910056B08A /* GitHubSearch-2.entitlements */,
				951F353D2C0F769B002B4607 /* SupportingFiles */,
				959FB6712BF7E24E0042C394 /* AppDelegate.swift */,
				959FB6732BF7E24E0042C394 /* SceneDelegate.swift */,
				951BFA112BF8B5FD0019B430 /* Coordinators */,
				95CC38AC2BFB89E8005EA562 /* Core */,
				95B101672C032A5900F82CFA /* CoreUI */,
				95429BBB2C09164A00BCD09D /* Extensions */,
				951BFA192BF920C00019B430 /* Features */,
			);
			path = "GitHubSearch-2";
			sourceTree = "<group>";
		};
		959FB6872BF7E24F0042C394 /* GitHubSearch-2Tests */ = {
			isa = PBXGroup;
			children = (
				959FB6882BF7E24F0042C394 /* GitHubSearch_2Tests.swift */,
			);
			path = "GitHubSearch-2Tests";
			sourceTree = "<group>";
		};
		959FB6912BF7E24F0042C394 /* GitHubSearch-2UITests */ = {
			isa = PBXGroup;
			children = (
				959FB6922BF7E24F0042C394 /* GitHubSearch_2UITests.swift */,
				959FB6942BF7E24F0042C394 /* GitHubSearch_2UITestsLaunchTests.swift */,
			);
			path = "GitHubSearch-2UITests";
			sourceTree = "<group>";
		};
		95A67A5F2C1623DA0056B08A /* Search */ = {
			isa = PBXGroup;
			children = (
				95CC38B62BFB9301005EA562 /* SearchServiceType.swift */,
				95CC38B82BFB94AA005EA562 /* SearchService.swift */,
				95CC38C32BFC7562005EA562 /* SearchRequest.swift */,
			);
			path = Search;
			sourceTree = "<group>";
		};
		95A67A6A2C188EC40056B08A /* Cell */ = {
			isa = PBXGroup;
			children = (
				95A67A6B2C188ED80056B08A /* SettingsTableViewCell.swift */,
			);
			path = Cell;
			sourceTree = "<group>";
		};
		95B101672C032A5900F82CFA /* CoreUI */ = {
			isa = PBXGroup;
			children = (
				959276B42C03A74800048438 /* ObservableSearchController.swift */,
				95CDB0DC2C04A86800BFACCA /* NavigationController.swift */,
				951F354F2C103D14002B4607 /* FooterStackView.swift */,
			);
			path = CoreUI;
			sourceTree = "<group>";
		};
		95CC38A92BFB5FC0005EA562 /* Frameworks */ = {
			isa = PBXGroup;
			children = (
				95E310312C22462A000829EA /* Package.swift */,
			);
			name = Frameworks;
			sourceTree = "<group>";
		};
		95CC38AC2BFB89E8005EA562 /* Core */ = {
			isa = PBXGroup;
			children = (
				95CC38AD2BFB89F3005EA562 /* Data */,
			);
			path = Core;
			sourceTree = "<group>";
		};
		95CC38AD2BFB89F3005EA562 /* Data */ = {
			isa = PBXGroup;
			children = (
				951F350F2C0E17CE002B4607 /* stores */,
				95CC38AE2BFB8A56005EA562 /* api */,
			);
			path = Data;
			sourceTree = "<group>";
		};
		95CC38AE2BFB8A56005EA562 /* api */ = {
			isa = PBXGroup;
			children = (
				95CC38BF2BFBDFE2005EA562 /* parser */,
				95CC38B52BFB92D4005EA562 /* request */,
				95CC38AF2BFB8A63005EA562 /* RequestProtocol.swift */,
				95CC38B12BFB8A77005EA562 /* RequestType.swift */,
				95CC38B32BFB8D4F005EA562 /* APIConstants.swift */,
				95CC38BA2BFB9595005EA562 /* RequestManager.swift */,
			);
			path = api;
			sourceTree = "<group>";
		};
		95CC38B52BFB92D4005EA562 /* request */ = {
			isa = PBXGroup;
			children = (
				95A67A5F2C1623DA0056B08A /* Search */,
			);
			path = request;
			sourceTree = "<group>";
		};
		95CC38BF2BFBDFE2005EA562 /* parser */ = {
			isa = PBXGroup;
			children = (
				95CC38C02BFBE00B005EA562 /* DataParser.swift */,
			);
			path = parser;
			sourceTree = "<group>";
		};
		95E310332C2248A4000829EA /* LoginScreenCoordinator */ = {
			isa = PBXGroup;
			children = (
				95E310322C2248A4000829EA /* LoginScreenCoordinator.swift */,
			);
			path = LoginScreenCoordinator;
			sourceTree = "<group>";
		};
		95EE226E2C05165B001AD6B8 /* RepositoryDetail */ = {
			isa = PBXGroup;
			children = (
				95EE226F2C051787001AD6B8 /* Coordinator */,
			);
			path = RepositoryDetail;
			sourceTree = "<group>";
		};
		95EE226F2C051787001AD6B8 /* Coordinator */ = {
			isa = PBXGroup;
			children = (
				95EE22702C051795001AD6B8 /* RepositoryDetailCoordinator.swift */,
			);
			path = Coordinator;
			sourceTree = "<group>";
		};
/* End PBXGroup section */

/* Begin PBXNativeTarget section */
		959FB66D2BF7E24E0042C394 /* GitHubSearch-2 */ = {
			isa = PBXNativeTarget;
			buildConfigurationList = 959FB6982BF7E24F0042C394 /* Build configuration list for PBXNativeTarget "GitHubSearch-2" */;
			buildPhases = (
				959FB66A2BF7E24E0042C394 /* Sources */,
				959FB6A22BF884040042C394 /* ShellScript */,
				959FB66B2BF7E24E0042C394 /* Frameworks */,
				959FB66C2BF7E24E0042C394 /* Resources */,
			);
			buildRules = (
			);
			dependencies = (
			);
			name = "GitHubSearch-2";
			packageProductDependencies = (
				95CC38A42BF94491005EA562 /* TinyConstraints */,
				95CC38AA2BFB5FC0005EA562 /* CocoaLumberjackSwift */,
				951F35652C10A75C002B4607 /* FirebaseAnalytics */,
				951F35672C10A75C002B4607 /* FirebaseAnalyticsOnDeviceConversion */,
				951F35692C10A75C002B4607 /* FirebaseAnalyticsSwift */,
				951F356B2C10A75C002B4607 /* FirebaseAnalyticsWithoutAdIdSupport */,
				951F356D2C10A75C002B4607 /* FirebaseAppCheck */,
				951F356F2C10A75C002B4607 /* FirebaseAppDistribution-Beta */,
				951F35712C10A75C002B4607 /* FirebaseAuth */,
				951F35732C10A75C002B4607 /* FirebaseAuthCombine-Community */,
				951F35752C10A75C002B4607 /* FirebaseCrashlytics */,
				951F35772C10A75C002B4607 /* FirebaseDatabase */,
				951F35792C10A75C002B4607 /* FirebaseDatabaseSwift */,
				951F357B2C10A75C002B4607 /* FirebaseDynamicLinks */,
				951F357D2C10A75C002B4607 /* FirebaseFirestore */,
				951F357F2C10A75C002B4607 /* FirebaseFirestoreCombine-Community */,
				951F35812C10A75C002B4607 /* FirebaseFirestoreSwift */,
				951F35832C10A75C002B4607 /* FirebaseFunctions */,
				951F35852C10A75C002B4607 /* FirebaseFunctionsCombine-Community */,
				951F358B2C10A75C002B4607 /* FirebaseInstallations */,
				951F35912C10A75C002B4607 /* FirebasePerformance */,
				951F35932C10A75C002B4607 /* FirebaseRemoteConfig */,
				951F35952C10A75C002B4607 /* FirebaseRemoteConfigSwift */,
				951F35972C10A75C002B4607 /* FirebaseStorage */,
				951F35992C10A75C002B4607 /* FirebaseStorageCombine-Community */,
				957A10DC2C1E20B9002440E3 /* GHSModels */,
				957A10DE2C1E2310002440E3 /* GHSDtoModels */,
				95E310352C2248BF000829EA /* GHSLoginFeature */,
				955945CB2C234A5A008F50EB /* Inject */,
			);
			productName = "GitHubSearch-2";
			productReference = 959FB66E2BF7E24E0042C394 /* GitHubSearch-2.app */;
			productType = "com.apple.product-type.application";
		};
		959FB6832BF7E24F0042C394 /* GitHubSearch-2Tests */ = {
			isa = PBXNativeTarget;
			buildConfigurationList = 959FB69B2BF7E24F0042C394 /* Build configuration list for PBXNativeTarget "GitHubSearch-2Tests" */;
			buildPhases = (
				959FB6802BF7E24F0042C394 /* Sources */,
				959FB6812BF7E24F0042C394 /* Frameworks */,
				959FB6822BF7E24F0042C394 /* Resources */,
			);
			buildRules = (
			);
			dependencies = (
				959FB6862BF7E24F0042C394 /* PBXTargetDependency */,
			);
			name = "GitHubSearch-2Tests";
			productName = "GitHubSearch-2Tests";
			productReference = 959FB6842BF7E24F0042C394 /* GitHubSearch-2Tests.xctest */;
			productType = "com.apple.product-type.bundle.unit-test";
		};
		959FB68D2BF7E24F0042C394 /* GitHubSearch-2UITests */ = {
			isa = PBXNativeTarget;
			buildConfigurationList = 959FB69E2BF7E24F0042C394 /* Build configuration list for PBXNativeTarget "GitHubSearch-2UITests" */;
			buildPhases = (
				959FB68A2BF7E24F0042C394 /* Sources */,
				959FB68B2BF7E24F0042C394 /* Frameworks */,
				959FB68C2BF7E24F0042C394 /* Resources */,
			);
			buildRules = (
			);
			dependencies = (
				959FB6902BF7E24F0042C394 /* PBXTargetDependency */,
			);
			name = "GitHubSearch-2UITests";
			productName = "GitHubSearch-2UITests";
			productReference = 959FB68E2BF7E24F0042C394 /* GitHubSearch-2UITests.xctest */;
			productType = "com.apple.product-type.bundle.ui-testing";
		};
/* End PBXNativeTarget section */

/* Begin PBXProject section */
		959FB6662BF7E24E0042C394 /* Project object */ = {
			isa = PBXProject;
			attributes = {
				BuildIndependentTargetsInParallel = 1;
				LastSwiftUpdateCheck = 1500;
				LastUpgradeCheck = 1500;
				TargetAttributes = {
					959FB66D2BF7E24E0042C394 = {
						CreatedOnToolsVersion = 15.0;
					};
					959FB6832BF7E24F0042C394 = {
						CreatedOnToolsVersion = 15.0;
						TestTargetID = 959FB66D2BF7E24E0042C394;
					};
					959FB68D2BF7E24F0042C394 = {
						CreatedOnToolsVersion = 15.0;
						TestTargetID = 959FB66D2BF7E24E0042C394;
					};
				};
			};
			buildConfigurationList = 959FB6692BF7E24E0042C394 /* Build configuration list for PBXProject "GitHubSearch-2" */;
			compatibilityVersion = "Xcode 14.0";
			developmentRegion = en;
			hasScannedForEncodings = 0;
			knownRegions = (
				en,
				Base,
			);
			mainGroup = 959FB6652BF7E24E0042C394;
			packageReferences = (
				95CC38A32BF94491005EA562 /* XCRemoteSwiftPackageReference "TinyConstraints" */,
				95CC38A82BFB5C09005EA562 /* XCRemoteSwiftPackageReference "CocoaLumberjack" */,
				951F35642C10A75C002B4607 /* XCRemoteSwiftPackageReference "firebase-ios-sdk" */,
				955945CA2C234A5A008F50EB /* XCRemoteSwiftPackageReference "Inject" */,
			);
			productRefGroup = 959FB66F2BF7E24E0042C394 /* Products */;
			projectDirPath = "";
			projectRoot = "";
			targets = (
				959FB66D2BF7E24E0042C394 /* GitHubSearch-2 */,
				959FB6832BF7E24F0042C394 /* GitHubSearch-2Tests */,
				959FB68D2BF7E24F0042C394 /* GitHubSearch-2UITests */,
			);
		};
/* End PBXProject section */

/* Begin PBXResourcesBuildPhase section */
		959FB66C2BF7E24E0042C394 /* Resources */ = {
			isa = PBXResourcesBuildPhase;
			buildActionMask = 2147483647;
			files = (
				951F35432C0F769B002B4607 /* GitHubLanguageColors.json in Resources */,
				9587DDDF2C1A1FE800258602 /* GoogleService-Info.plist in Resources */,
				951F35442C0F769B002B4607 /* Assets.xcassets in Resources */,
				951F35452C0F769B002B4607 /* LaunchScreen.storyboard in Resources */,
			);
			runOnlyForDeploymentPostprocessing = 0;
		};
		959FB6822BF7E24F0042C394 /* Resources */ = {
			isa = PBXResourcesBuildPhase;
			buildActionMask = 2147483647;
			files = (
			);
			runOnlyForDeploymentPostprocessing = 0;
		};
		959FB68C2BF7E24F0042C394 /* Resources */ = {
			isa = PBXResourcesBuildPhase;
			buildActionMask = 2147483647;
			files = (
			);
			runOnlyForDeploymentPostprocessing = 0;
		};
/* End PBXResourcesBuildPhase section */

/* Begin PBXShellScriptBuildPhase section */
		959FB6A22BF884040042C394 /* ShellScript */ = {
			isa = PBXShellScriptBuildPhase;
			alwaysOutOfDate = 1;
			buildActionMask = 2147483647;
			files = (
			);
			inputFileListPaths = (
			);
			inputPaths = (
			);
			outputFileListPaths = (
			);
			outputPaths = (
			);
			runOnlyForDeploymentPostprocessing = 0;
			shellPath = /bin/sh;
			shellScript = "if [[ \"$(uname -m)\" == arm64 ]]\nthen\n    export PATH=\"/opt/homebrew/bin:$PATH\"\nfi\n\nif command -v swiftlint >/dev/null 2>&1\nthen\n    swiftlint\nelse\n    echo \"warning: `swiftlint` command not found - See https://github.com/realm/SwiftLint#installation for installation instructions.\"\nfi\n";
		};
/* End PBXShellScriptBuildPhase section */

/* Begin PBXSourcesBuildPhase section */
		959FB66A2BF7E24E0042C394 /* Sources */ = {
			isa = PBXSourcesBuildPhase;
			buildActionMask = 2147483647;
			files = (
				952249442C1C19DD00526DE6 /* UIStackView+Extensions.swift in Sources */,
				95CC38C42BFC7563005EA562 /* SearchRequest.swift in Sources */,
				951BFA152BF8BAFA0019B430 /* ApplicationCoordinator.swift in Sources */,
				951F35502C103D14002B4607 /* FooterStackView.swift in Sources */,
				951BFA182BF8C8880019B430 /* TabBarCoordinator.swift in Sources */,
				951F351F2C0F165B002B4607 /* FooterReposiotoryTextBuilder.swift in Sources */,
				95CC38B42BFB8D4F005EA562 /* APIConstants.swift in Sources */,
				95CC38BB2BFB9595005EA562 /* RequestManager.swift in Sources */,
				95A67A6C2C188ED80056B08A /* SettingsTableViewCell.swift in Sources */,
				95429BBD2C09166E00BCD09D /* ReuseIdentifier.swift in Sources */,
				95CC38B72BFB9301005EA562 /* SearchServiceType.swift in Sources */,
				951BFA132BF8B6250019B430 /* Coordinator.swift in Sources */,
				959FB6722BF7E24E0042C394 /* AppDelegate.swift in Sources */,
				95CC38C12BFBE00B005EA562 /* DataParser.swift in Sources */,
				951BFA272BF92CC70019B430 /* SettingsViewController.swift in Sources */,
				95A67A672C186A4C0056B08A /* SettingsView.swift in Sources */,
				951F351A2C0F0906002B4607 /* UIView+Extensions.swift in Sources */,
				951BFA292BF92CE20019B430 /* RepositoryListViewController.swift in Sources */,
				95CC38B02BFB8A63005EA562 /* RequestProtocol.swift in Sources */,
				95B1016B2C032F7D00F82CFA /* RepositoryListView.swift in Sources */,
				951F35492C0F8BA8002B4607 /* GitHubLanguageColorsStore.swift in Sources */,
				951BFA242BF92C330019B430 /* SettingsScreenCoordinator.swift in Sources */,
				959FB6742BF7E24E0042C394 /* SceneDelegate.swift in Sources */,
				95EE22712C051795001AD6B8 /* RepositoryDetailCoordinator.swift in Sources */,
				951F351C2C0F0AD7002B4607 /* Optional+Extensions.swift in Sources */,
				95CDB0DD2C04A86800BFACCA /* NavigationController.swift in Sources */,
				951F354B2C0F8D56002B4607 /* CollectionView+Extensions.swift in Sources */,
				95CC38A72BFA3E8A005EA562 /* TabBarViewController.swift in Sources */,
				95CC38B92BFB94AA005EA562 /* SearchService.swift in Sources */,
				95E310342C2248A4000829EA /* LoginScreenCoordinator.swift in Sources */,
				95A67A692C186A800056B08A /* SettingsViewModel.swift in Sources */,
				951BFA212BF92ACB0019B430 /* RepositoryListScreenCoordinator.swift in Sources */,
				95CC38B22BFB8A77005EA562 /* RequestType.swift in Sources */,
				95B101632C020D8100F82CFA /* RepositoryListViewModel.swift in Sources */,
				959276B52C03A74800048438 /* ObservableSearchController.swift in Sources */,
				951F350A2C0D0866002B4607 /* Int+Extensions.swift in Sources */,
				95429BBA2C090AB900BCD09D /* RepositoryListCell.swift in Sources */,
			);
			runOnlyForDeploymentPostprocessing = 0;
		};
		959FB6802BF7E24F0042C394 /* Sources */ = {
			isa = PBXSourcesBuildPhase;
			buildActionMask = 2147483647;
			files = (
				959FB6892BF7E24F0042C394 /* GitHubSearch_2Tests.swift in Sources */,
			);
			runOnlyForDeploymentPostprocessing = 0;
		};
		959FB68A2BF7E24F0042C394 /* Sources */ = {
			isa = PBXSourcesBuildPhase;
			buildActionMask = 2147483647;
			files = (
				959FB6952BF7E24F0042C394 /* GitHubSearch_2UITestsLaunchTests.swift in Sources */,
				959FB6932BF7E24F0042C394 /* GitHubSearch_2UITests.swift in Sources */,
			);
			runOnlyForDeploymentPostprocessing = 0;
		};
/* End PBXSourcesBuildPhase section */

/* Begin PBXTargetDependency section */
		959FB6862BF7E24F0042C394 /* PBXTargetDependency */ = {
			isa = PBXTargetDependency;
			target = 959FB66D2BF7E24E0042C394 /* GitHubSearch-2 */;
			targetProxy = 959FB6852BF7E24F0042C394 /* PBXContainerItemProxy */;
		};
		959FB6902BF7E24F0042C394 /* PBXTargetDependency */ = {
			isa = PBXTargetDependency;
			target = 959FB66D2BF7E24E0042C394 /* GitHubSearch-2 */;
			targetProxy = 959FB68F2BF7E24F0042C394 /* PBXContainerItemProxy */;
		};
/* End PBXTargetDependency section */

/* Begin PBXVariantGroup section */
		951F35402C0F769B002B4607 /* LaunchScreen.storyboard */ = {
			isa = PBXVariantGroup;
			children = (
				951F35412C0F769B002B4607 /* Base */,
			);
			name = LaunchScreen.storyboard;
			sourceTree = "<group>";
		};
/* End PBXVariantGroup section */

/* Begin XCBuildConfiguration section */
		959FB6962BF7E24F0042C394 /* Debug */ = {
			isa = XCBuildConfiguration;
			buildSettings = {
				ALWAYS_SEARCH_USER_PATHS = NO;
				ASSETCATALOG_COMPILER_GENERATE_SWIFT_ASSET_SYMBOL_EXTENSIONS = YES;
				CLANG_ANALYZER_NONNULL = YES;
				CLANG_ANALYZER_NUMBER_OBJECT_CONVERSION = YES_AGGRESSIVE;
				CLANG_CXX_LANGUAGE_STANDARD = "gnu++20";
				CLANG_ENABLE_MODULES = YES;
				CLANG_ENABLE_OBJC_ARC = YES;
				CLANG_ENABLE_OBJC_WEAK = YES;
				CLANG_WARN_BLOCK_CAPTURE_AUTORELEASING = YES;
				CLANG_WARN_BOOL_CONVERSION = YES;
				CLANG_WARN_COMMA = YES;
				CLANG_WARN_CONSTANT_CONVERSION = YES;
				CLANG_WARN_DEPRECATED_OBJC_IMPLEMENTATIONS = YES;
				CLANG_WARN_DIRECT_OBJC_ISA_USAGE = YES_ERROR;
				CLANG_WARN_DOCUMENTATION_COMMENTS = YES;
				CLANG_WARN_EMPTY_BODY = YES;
				CLANG_WARN_ENUM_CONVERSION = YES;
				CLANG_WARN_INFINITE_RECURSION = YES;
				CLANG_WARN_INT_CONVERSION = YES;
				CLANG_WARN_NON_LITERAL_NULL_CONVERSION = YES;
				CLANG_WARN_OBJC_IMPLICIT_RETAIN_SELF = YES;
				CLANG_WARN_OBJC_LITERAL_CONVERSION = YES;
				CLANG_WARN_OBJC_ROOT_CLASS = YES_ERROR;
				CLANG_WARN_QUOTED_INCLUDE_IN_FRAMEWORK_HEADER = YES;
				CLANG_WARN_RANGE_LOOP_ANALYSIS = YES;
				CLANG_WARN_STRICT_PROTOTYPES = YES;
				CLANG_WARN_SUSPICIOUS_MOVE = YES;
				CLANG_WARN_UNGUARDED_AVAILABILITY = YES_AGGRESSIVE;
				CLANG_WARN_UNREACHABLE_CODE = YES;
				CLANG_WARN__DUPLICATE_METHOD_MATCH = YES;
				COPY_PHASE_STRIP = NO;
				DEBUG_INFORMATION_FORMAT = dwarf;
				ENABLE_STRICT_OBJC_MSGSEND = YES;
				ENABLE_TESTABILITY = YES;
				ENABLE_USER_SCRIPT_SANDBOXING = YES;
				GCC_C_LANGUAGE_STANDARD = gnu17;
				GCC_DYNAMIC_NO_PIC = NO;
				GCC_NO_COMMON_BLOCKS = YES;
				GCC_OPTIMIZATION_LEVEL = 0;
				GCC_PREPROCESSOR_DEFINITIONS = (
					"DEBUG=1",
					"$(inherited)",
				);
				GCC_WARN_64_TO_32_BIT_CONVERSION = YES;
				GCC_WARN_ABOUT_RETURN_TYPE = YES_ERROR;
				GCC_WARN_UNDECLARED_SELECTOR = YES;
				GCC_WARN_UNINITIALIZED_AUTOS = YES_AGGRESSIVE;
				GCC_WARN_UNUSED_FUNCTION = YES;
				GCC_WARN_UNUSED_VARIABLE = YES;
				IPHONEOS_DEPLOYMENT_TARGET = 15.0;
				LOCALIZATION_PREFERS_STRING_CATALOGS = YES;
				MTL_ENABLE_DEBUG_INFO = INCLUDE_SOURCE;
				MTL_FAST_MATH = YES;
				ONLY_ACTIVE_ARCH = YES;
				SDKROOT = iphoneos;
				SWIFT_ACTIVE_COMPILATION_CONDITIONS = "DEBUG $(inherited)";
				SWIFT_OPTIMIZATION_LEVEL = "-Onone";
			};
			name = Debug;
		};
		959FB6972BF7E24F0042C394 /* Release */ = {
			isa = XCBuildConfiguration;
			buildSettings = {
				ALWAYS_SEARCH_USER_PATHS = NO;
				ASSETCATALOG_COMPILER_GENERATE_SWIFT_ASSET_SYMBOL_EXTENSIONS = YES;
				CLANG_ANALYZER_NONNULL = YES;
				CLANG_ANALYZER_NUMBER_OBJECT_CONVERSION = YES_AGGRESSIVE;
				CLANG_CXX_LANGUAGE_STANDARD = "gnu++20";
				CLANG_ENABLE_MODULES = YES;
				CLANG_ENABLE_OBJC_ARC = YES;
				CLANG_ENABLE_OBJC_WEAK = YES;
				CLANG_WARN_BLOCK_CAPTURE_AUTORELEASING = YES;
				CLANG_WARN_BOOL_CONVERSION = YES;
				CLANG_WARN_COMMA = YES;
				CLANG_WARN_CONSTANT_CONVERSION = YES;
				CLANG_WARN_DEPRECATED_OBJC_IMPLEMENTATIONS = YES;
				CLANG_WARN_DIRECT_OBJC_ISA_USAGE = YES_ERROR;
				CLANG_WARN_DOCUMENTATION_COMMENTS = YES;
				CLANG_WARN_EMPTY_BODY = YES;
				CLANG_WARN_ENUM_CONVERSION = YES;
				CLANG_WARN_INFINITE_RECURSION = YES;
				CLANG_WARN_INT_CONVERSION = YES;
				CLANG_WARN_NON_LITERAL_NULL_CONVERSION = YES;
				CLANG_WARN_OBJC_IMPLICIT_RETAIN_SELF = YES;
				CLANG_WARN_OBJC_LITERAL_CONVERSION = YES;
				CLANG_WARN_OBJC_ROOT_CLASS = YES_ERROR;
				CLANG_WARN_QUOTED_INCLUDE_IN_FRAMEWORK_HEADER = YES;
				CLANG_WARN_RANGE_LOOP_ANALYSIS = YES;
				CLANG_WARN_STRICT_PROTOTYPES = YES;
				CLANG_WARN_SUSPICIOUS_MOVE = YES;
				CLANG_WARN_UNGUARDED_AVAILABILITY = YES_AGGRESSIVE;
				CLANG_WARN_UNREACHABLE_CODE = YES;
				CLANG_WARN__DUPLICATE_METHOD_MATCH = YES;
				COPY_PHASE_STRIP = NO;
				DEBUG_INFORMATION_FORMAT = "dwarf-with-dsym";
				ENABLE_NS_ASSERTIONS = NO;
				ENABLE_STRICT_OBJC_MSGSEND = YES;
				ENABLE_USER_SCRIPT_SANDBOXING = YES;
				GCC_C_LANGUAGE_STANDARD = gnu17;
				GCC_NO_COMMON_BLOCKS = YES;
				GCC_WARN_64_TO_32_BIT_CONVERSION = YES;
				GCC_WARN_ABOUT_RETURN_TYPE = YES_ERROR;
				GCC_WARN_UNDECLARED_SELECTOR = YES;
				GCC_WARN_UNINITIALIZED_AUTOS = YES_AGGRESSIVE;
				GCC_WARN_UNUSED_FUNCTION = YES;
				GCC_WARN_UNUSED_VARIABLE = YES;
				IPHONEOS_DEPLOYMENT_TARGET = 15.0;
				LOCALIZATION_PREFERS_STRING_CATALOGS = YES;
				MTL_ENABLE_DEBUG_INFO = NO;
				MTL_FAST_MATH = YES;
				SDKROOT = iphoneos;
				SWIFT_COMPILATION_MODE = wholemodule;
				VALIDATE_PRODUCT = YES;
			};
			name = Release;
		};
		959FB6992BF7E24F0042C394 /* Debug */ = {
			isa = XCBuildConfiguration;
			buildSettings = {
				ASSETCATALOG_COMPILER_APPICON_NAME = AppIcon;
				ASSETCATALOG_COMPILER_GLOBAL_ACCENT_COLOR_NAME = AccentColor;
				CODE_SIGN_ENTITLEMENTS = "GitHubSearch-2/GitHubSearch-2.entitlements";
				CODE_SIGN_IDENTITY = "Apple Development";
				CODE_SIGN_STYLE = Automatic;
				CURRENT_PROJECT_VERSION = 1;
				DEVELOPMENT_TEAM = 74925668M8;
				ENABLE_USER_SCRIPT_SANDBOXING = NO;
				GENERATE_INFOPLIST_FILE = YES;
				INFOPLIST_FILE = "GitHubSearch-2/SupportingFiles/Info.plist";
				INFOPLIST_KEY_CFBundleDisplayName = "GitHubSearch-2";
				INFOPLIST_KEY_UIApplicationSupportsIndirectInputEvents = YES;
				INFOPLIST_KEY_UILaunchStoryboardName = LaunchScreen.storyboard;
				INFOPLIST_KEY_UIMainStoryboardFile = "";
				INFOPLIST_KEY_UISupportedInterfaceOrientations_iPad = "UIInterfaceOrientationPortrait UIInterfaceOrientationPortraitUpsideDown UIInterfaceOrientationLandscapeLeft UIInterfaceOrientationLandscapeRight";
				INFOPLIST_KEY_UISupportedInterfaceOrientations_iPhone = "UIInterfaceOrientationPortrait UIInterfaceOrientationLandscapeLeft UIInterfaceOrientationLandscapeRight";
				LD_RUNPATH_SEARCH_PATHS = (
					"$(inherited)",
					"@executable_path/Frameworks",
				);
				MARKETING_VERSION = 1.0;
				OTHER_LDFLAGS = (
					"-Xlinker",
					"-interposable",
				);
				PRODUCT_BUNDLE_IDENTIFIER = "com.krzysztoflema.GitHubSearch-2";
				PRODUCT_NAME = "$(TARGET_NAME)";
				PROVISIONING_PROFILE_SPECIFIER = "";
				SWIFT_EMIT_LOC_STRINGS = YES;
				SWIFT_VERSION = 5.0;
				TARGETED_DEVICE_FAMILY = "1,2";
			};
			name = Debug;
		};
		959FB69A2BF7E24F0042C394 /* Release */ = {
			isa = XCBuildConfiguration;
			buildSettings = {
				ASSETCATALOG_COMPILER_APPICON_NAME = AppIcon;
				ASSETCATALOG_COMPILER_GLOBAL_ACCENT_COLOR_NAME = AccentColor;
				CODE_SIGN_ENTITLEMENTS = "GitHubSearch-2/GitHubSearch-2.entitlements";
				CODE_SIGN_IDENTITY = "Apple Development";
				CODE_SIGN_STYLE = Automatic;
				CURRENT_PROJECT_VERSION = 1;
				DEVELOPMENT_TEAM = 74925668M8;
				ENABLE_USER_SCRIPT_SANDBOXING = NO;
				GENERATE_INFOPLIST_FILE = YES;
				INFOPLIST_FILE = "GitHubSearch-2/SupportingFiles/Info.plist";
				INFOPLIST_KEY_CFBundleDisplayName = "GitHubSearch-2";
				INFOPLIST_KEY_UIApplicationSupportsIndirectInputEvents = YES;
				INFOPLIST_KEY_UILaunchStoryboardName = LaunchScreen.storyboard;
				INFOPLIST_KEY_UIMainStoryboardFile = "";
				INFOPLIST_KEY_UISupportedInterfaceOrientations_iPad = "UIInterfaceOrientationPortrait UIInterfaceOrientationPortraitUpsideDown UIInterfaceOrientationLandscapeLeft UIInterfaceOrientationLandscapeRight";
				INFOPLIST_KEY_UISupportedInterfaceOrientations_iPhone = "UIInterfaceOrientationPortrait UIInterfaceOrientationLandscapeLeft UIInterfaceOrientationLandscapeRight";
				LD_RUNPATH_SEARCH_PATHS = (
					"$(inherited)",
					"@executable_path/Frameworks",
				);
				MARKETING_VERSION = 1.0;
				PRODUCT_BUNDLE_IDENTIFIER = "com.krzysztoflema.GitHubSearch-2";
				PRODUCT_NAME = "$(TARGET_NAME)";
				PROVISIONING_PROFILE_SPECIFIER = "";
				SWIFT_EMIT_LOC_STRINGS = YES;
				SWIFT_VERSION = 5.0;
				TARGETED_DEVICE_FAMILY = "1,2";
			};
			name = Release;
		};
		959FB69C2BF7E24F0042C394 /* Debug */ = {
			isa = XCBuildConfiguration;
			buildSettings = {
				ALWAYS_EMBED_SWIFT_STANDARD_LIBRARIES = YES;
				BUNDLE_LOADER = "$(TEST_HOST)";
				CODE_SIGN_STYLE = Automatic;
				CURRENT_PROJECT_VERSION = 1;
				DEVELOPMENT_TEAM = 75V4JJUAC7;
				GENERATE_INFOPLIST_FILE = YES;
				IPHONEOS_DEPLOYMENT_TARGET = 17.0;
				MARKETING_VERSION = 1.0;
				PRODUCT_BUNDLE_IDENTIFIER = "com.krzysztoflema.GitHubSearch-2Tests";
				PRODUCT_NAME = "$(TARGET_NAME)";
				SWIFT_EMIT_LOC_STRINGS = NO;
				SWIFT_VERSION = 5.0;
				TARGETED_DEVICE_FAMILY = "1,2";
				TEST_HOST = "$(BUILT_PRODUCTS_DIR)/GitHubSearch-2.app/$(BUNDLE_EXECUTABLE_FOLDER_PATH)/GitHubSearch-2";
			};
			name = Debug;
		};
		959FB69D2BF7E24F0042C394 /* Release */ = {
			isa = XCBuildConfiguration;
			buildSettings = {
				ALWAYS_EMBED_SWIFT_STANDARD_LIBRARIES = YES;
				BUNDLE_LOADER = "$(TEST_HOST)";
				CODE_SIGN_STYLE = Automatic;
				CURRENT_PROJECT_VERSION = 1;
				DEVELOPMENT_TEAM = 75V4JJUAC7;
				GENERATE_INFOPLIST_FILE = YES;
				IPHONEOS_DEPLOYMENT_TARGET = 17.0;
				MARKETING_VERSION = 1.0;
				PRODUCT_BUNDLE_IDENTIFIER = "com.krzysztoflema.GitHubSearch-2Tests";
				PRODUCT_NAME = "$(TARGET_NAME)";
				SWIFT_EMIT_LOC_STRINGS = NO;
				SWIFT_VERSION = 5.0;
				TARGETED_DEVICE_FAMILY = "1,2";
				TEST_HOST = "$(BUILT_PRODUCTS_DIR)/GitHubSearch-2.app/$(BUNDLE_EXECUTABLE_FOLDER_PATH)/GitHubSearch-2";
			};
			name = Release;
		};
		959FB69F2BF7E24F0042C394 /* Debug */ = {
			isa = XCBuildConfiguration;
			buildSettings = {
				ALWAYS_EMBED_SWIFT_STANDARD_LIBRARIES = YES;
				CODE_SIGN_STYLE = Automatic;
				CURRENT_PROJECT_VERSION = 1;
				DEVELOPMENT_TEAM = 75V4JJUAC7;
				GENERATE_INFOPLIST_FILE = YES;
				MARKETING_VERSION = 1.0;
				PRODUCT_BUNDLE_IDENTIFIER = "com.krzysztoflema.GitHubSearch-2UITests";
				PRODUCT_NAME = "$(TARGET_NAME)";
				SWIFT_EMIT_LOC_STRINGS = NO;
				SWIFT_VERSION = 5.0;
				TARGETED_DEVICE_FAMILY = "1,2";
				TEST_TARGET_NAME = "GitHubSearch-2";
			};
			name = Debug;
		};
		959FB6A02BF7E24F0042C394 /* Release */ = {
			isa = XCBuildConfiguration;
			buildSettings = {
				ALWAYS_EMBED_SWIFT_STANDARD_LIBRARIES = YES;
				CODE_SIGN_STYLE = Automatic;
				CURRENT_PROJECT_VERSION = 1;
				DEVELOPMENT_TEAM = 75V4JJUAC7;
				GENERATE_INFOPLIST_FILE = YES;
				MARKETING_VERSION = 1.0;
				PRODUCT_BUNDLE_IDENTIFIER = "com.krzysztoflema.GitHubSearch-2UITests";
				PRODUCT_NAME = "$(TARGET_NAME)";
				SWIFT_EMIT_LOC_STRINGS = NO;
				SWIFT_VERSION = 5.0;
				TARGETED_DEVICE_FAMILY = "1,2";
				TEST_TARGET_NAME = "GitHubSearch-2";
			};
			name = Release;
		};
/* End XCBuildConfiguration section */

/* Begin XCConfigurationList section */
		959FB6692BF7E24E0042C394 /* Build configuration list for PBXProject "GitHubSearch-2" */ = {
			isa = XCConfigurationList;
			buildConfigurations = (
				959FB6962BF7E24F0042C394 /* Debug */,
				959FB6972BF7E24F0042C394 /* Release */,
			);
			defaultConfigurationIsVisible = 0;
			defaultConfigurationName = Release;
		};
		959FB6982BF7E24F0042C394 /* Build configuration list for PBXNativeTarget "GitHubSearch-2" */ = {
			isa = XCConfigurationList;
			buildConfigurations = (
				959FB6992BF7E24F0042C394 /* Debug */,
				959FB69A2BF7E24F0042C394 /* Release */,
			);
			defaultConfigurationIsVisible = 0;
			defaultConfigurationName = Release;
		};
		959FB69B2BF7E24F0042C394 /* Build configuration list for PBXNativeTarget "GitHubSearch-2Tests" */ = {
			isa = XCConfigurationList;
			buildConfigurations = (
				959FB69C2BF7E24F0042C394 /* Debug */,
				959FB69D2BF7E24F0042C394 /* Release */,
			);
			defaultConfigurationIsVisible = 0;
			defaultConfigurationName = Release;
		};
		959FB69E2BF7E24F0042C394 /* Build configuration list for PBXNativeTarget "GitHubSearch-2UITests" */ = {
			isa = XCConfigurationList;
			buildConfigurations = (
				959FB69F2BF7E24F0042C394 /* Debug */,
				959FB6A02BF7E24F0042C394 /* Release */,
			);
			defaultConfigurationIsVisible = 0;
			defaultConfigurationName = Release;
		};
/* End XCConfigurationList section */

/* Begin XCRemoteSwiftPackageReference section */
		951F35642C10A75C002B4607 /* XCRemoteSwiftPackageReference "firebase-ios-sdk" */ = {
			isa = XCRemoteSwiftPackageReference;
			repositoryURL = "https://github.com/firebase/firebase-ios-sdk";
			requirement = {
				kind = upToNextMajorVersion;
				minimumVersion = 10.27.0;
			};
		};
		955945CA2C234A5A008F50EB /* XCRemoteSwiftPackageReference "Inject" */ = {
			isa = XCRemoteSwiftPackageReference;
			repositoryURL = "https://github.com/krzysztofzablocki/Inject.git";
			requirement = {
				kind = upToNextMajorVersion;
				minimumVersion = 1.5.0;
			};
		};
		95CC38A32BF94491005EA562 /* XCRemoteSwiftPackageReference "TinyConstraints" */ = {
			isa = XCRemoteSwiftPackageReference;
			repositoryURL = "https://github.com/roberthein/TinyConstraints.git";
			requirement = {
				kind = upToNextMajorVersion;
				minimumVersion = 4.0.2;
			};
		};
		95CC38A82BFB5C09005EA562 /* XCRemoteSwiftPackageReference "CocoaLumberjack" */ = {
			isa = XCRemoteSwiftPackageReference;
			repositoryURL = "https://github.com/CocoaLumberjack/CocoaLumberjack.git";
			requirement = {
				kind = upToNextMajorVersion;
				minimumVersion = 3.8.5;
			};
		};
/* End XCRemoteSwiftPackageReference section */

/* Begin XCSwiftPackageProductDependency section */
		951F35652C10A75C002B4607 /* FirebaseAnalytics */ = {
			isa = XCSwiftPackageProductDependency;
			package = 951F35642C10A75C002B4607 /* XCRemoteSwiftPackageReference "firebase-ios-sdk" */;
			productName = FirebaseAnalytics;
		};
		951F35672C10A75C002B4607 /* FirebaseAnalyticsOnDeviceConversion */ = {
			isa = XCSwiftPackageProductDependency;
			package = 951F35642C10A75C002B4607 /* XCRemoteSwiftPackageReference "firebase-ios-sdk" */;
			productName = FirebaseAnalyticsOnDeviceConversion;
		};
		951F35692C10A75C002B4607 /* FirebaseAnalyticsSwift */ = {
			isa = XCSwiftPackageProductDependency;
			package = 951F35642C10A75C002B4607 /* XCRemoteSwiftPackageReference "firebase-ios-sdk" */;
			productName = FirebaseAnalyticsSwift;
		};
		951F356B2C10A75C002B4607 /* FirebaseAnalyticsWithoutAdIdSupport */ = {
			isa = XCSwiftPackageProductDependency;
			package = 951F35642C10A75C002B4607 /* XCRemoteSwiftPackageReference "firebase-ios-sdk" */;
			productName = FirebaseAnalyticsWithoutAdIdSupport;
		};
		951F356D2C10A75C002B4607 /* FirebaseAppCheck */ = {
			isa = XCSwiftPackageProductDependency;
			package = 951F35642C10A75C002B4607 /* XCRemoteSwiftPackageReference "firebase-ios-sdk" */;
			productName = FirebaseAppCheck;
		};
		951F356F2C10A75C002B4607 /* FirebaseAppDistribution-Beta */ = {
			isa = XCSwiftPackageProductDependency;
			package = 951F35642C10A75C002B4607 /* XCRemoteSwiftPackageReference "firebase-ios-sdk" */;
			productName = "FirebaseAppDistribution-Beta";
		};
		951F35712C10A75C002B4607 /* FirebaseAuth */ = {
			isa = XCSwiftPackageProductDependency;
			package = 951F35642C10A75C002B4607 /* XCRemoteSwiftPackageReference "firebase-ios-sdk" */;
			productName = FirebaseAuth;
		};
		951F35732C10A75C002B4607 /* FirebaseAuthCombine-Community */ = {
			isa = XCSwiftPackageProductDependency;
			package = 951F35642C10A75C002B4607 /* XCRemoteSwiftPackageReference "firebase-ios-sdk" */;
			productName = "FirebaseAuthCombine-Community";
		};
		951F35752C10A75C002B4607 /* FirebaseCrashlytics */ = {
			isa = XCSwiftPackageProductDependency;
			package = 951F35642C10A75C002B4607 /* XCRemoteSwiftPackageReference "firebase-ios-sdk" */;
			productName = FirebaseCrashlytics;
		};
		951F35772C10A75C002B4607 /* FirebaseDatabase */ = {
			isa = XCSwiftPackageProductDependency;
			package = 951F35642C10A75C002B4607 /* XCRemoteSwiftPackageReference "firebase-ios-sdk" */;
			productName = FirebaseDatabase;
		};
		951F35792C10A75C002B4607 /* FirebaseDatabaseSwift */ = {
			isa = XCSwiftPackageProductDependency;
			package = 951F35642C10A75C002B4607 /* XCRemoteSwiftPackageReference "firebase-ios-sdk" */;
			productName = FirebaseDatabaseSwift;
		};
		951F357B2C10A75C002B4607 /* FirebaseDynamicLinks */ = {
			isa = XCSwiftPackageProductDependency;
			package = 951F35642C10A75C002B4607 /* XCRemoteSwiftPackageReference "firebase-ios-sdk" */;
			productName = FirebaseDynamicLinks;
		};
		951F357D2C10A75C002B4607 /* FirebaseFirestore */ = {
			isa = XCSwiftPackageProductDependency;
			package = 951F35642C10A75C002B4607 /* XCRemoteSwiftPackageReference "firebase-ios-sdk" */;
			productName = FirebaseFirestore;
		};
		951F357F2C10A75C002B4607 /* FirebaseFirestoreCombine-Community */ = {
			isa = XCSwiftPackageProductDependency;
			package = 951F35642C10A75C002B4607 /* XCRemoteSwiftPackageReference "firebase-ios-sdk" */;
			productName = "FirebaseFirestoreCombine-Community";
		};
		951F35812C10A75C002B4607 /* FirebaseFirestoreSwift */ = {
			isa = XCSwiftPackageProductDependency;
			package = 951F35642C10A75C002B4607 /* XCRemoteSwiftPackageReference "firebase-ios-sdk" */;
			productName = FirebaseFirestoreSwift;
		};
		951F35832C10A75C002B4607 /* FirebaseFunctions */ = {
			isa = XCSwiftPackageProductDependency;
			package = 951F35642C10A75C002B4607 /* XCRemoteSwiftPackageReference "firebase-ios-sdk" */;
			productName = FirebaseFunctions;
		};
		951F35852C10A75C002B4607 /* FirebaseFunctionsCombine-Community */ = {
			isa = XCSwiftPackageProductDependency;
			package = 951F35642C10A75C002B4607 /* XCRemoteSwiftPackageReference "firebase-ios-sdk" */;
			productName = "FirebaseFunctionsCombine-Community";
		};
		951F358B2C10A75C002B4607 /* FirebaseInstallations */ = {
			isa = XCSwiftPackageProductDependency;
			package = 951F35642C10A75C002B4607 /* XCRemoteSwiftPackageReference "firebase-ios-sdk" */;
			productName = FirebaseInstallations;
		};
		951F35912C10A75C002B4607 /* FirebasePerformance */ = {
			isa = XCSwiftPackageProductDependency;
			package = 951F35642C10A75C002B4607 /* XCRemoteSwiftPackageReference "firebase-ios-sdk" */;
			productName = FirebasePerformance;
		};
		951F35932C10A75C002B4607 /* FirebaseRemoteConfig */ = {
			isa = XCSwiftPackageProductDependency;
			package = 951F35642C10A75C002B4607 /* XCRemoteSwiftPackageReference "firebase-ios-sdk" */;
			productName = FirebaseRemoteConfig;
		};
		951F35952C10A75C002B4607 /* FirebaseRemoteConfigSwift */ = {
			isa = XCSwiftPackageProductDependency;
			package = 951F35642C10A75C002B4607 /* XCRemoteSwiftPackageReference "firebase-ios-sdk" */;
			productName = FirebaseRemoteConfigSwift;
		};
		951F35972C10A75C002B4607 /* FirebaseStorage */ = {
			isa = XCSwiftPackageProductDependency;
			package = 951F35642C10A75C002B4607 /* XCRemoteSwiftPackageReference "firebase-ios-sdk" */;
			productName = FirebaseStorage;
		};
		951F35992C10A75C002B4607 /* FirebaseStorageCombine-Community */ = {
			isa = XCSwiftPackageProductDependency;
			package = 951F35642C10A75C002B4607 /* XCRemoteSwiftPackageReference "firebase-ios-sdk" */;
			productName = "FirebaseStorageCombine-Community";
		};
		955945CB2C234A5A008F50EB /* Inject */ = {
			isa = XCSwiftPackageProductDependency;
			package = 955945CA2C234A5A008F50EB /* XCRemoteSwiftPackageReference "Inject" */;
			productName = Inject;
		};
		957A10DC2C1E20B9002440E3 /* GHSModels */ = {
			isa = XCSwiftPackageProductDependency;
			productName = GHSModels;
		};
		957A10DE2C1E2310002440E3 /* GHSDtoModels */ = {
			isa = XCSwiftPackageProductDependency;
			productName = GHSDtoModels;
		};
		95CC38A42BF94491005EA562 /* TinyConstraints */ = {
			isa = XCSwiftPackageProductDependency;
			package = 95CC38A32BF94491005EA562 /* XCRemoteSwiftPackageReference "TinyConstraints" */;
			productName = TinyConstraints;
		};
		95CC38AA2BFB5FC0005EA562 /* CocoaLumberjackSwift */ = {
			isa = XCSwiftPackageProductDependency;
			package = 95CC38A82BFB5C09005EA562 /* XCRemoteSwiftPackageReference "CocoaLumberjack" */;
			productName = CocoaLumberjackSwift;
		};
		95E310352C2248BF000829EA /* GHSLoginFeature */ = {
			isa = XCSwiftPackageProductDependency;
			productName = GHSLoginFeature;
		};
/* End XCSwiftPackageProductDependency section */
	};
	rootObject = 959FB6662BF7E24E0042C394 /* Project object */;
}
